// !$*UTF8*$!
{
	archiveVersion = 1;
	classes = {
	};
	objectVersion = 46;
	objects = {

/* Begin PBXBuildFile section */
		013D94021828499B8530D149 /* CDVLocalFilesystem.m in Sources */ = {isa = PBXBuildFile; fileRef = 35315FFDB64144DD8BF21CDA /* CDVLocalFilesystem.m */; };
		0207DA581B56EA530066E2B4 /* Images.xcassets in Resources */ = {isa = PBXBuildFile; fileRef = 0207DA571B56EA530066E2B4 /* Images.xcassets */; };
		043B66C8304F4D66A3B2D070 /* AFSecurityPolicy.m in Sources */ = {isa = PBXBuildFile; fileRef = 3DCB2007246D475FB7F8FF98 /* AFSecurityPolicy.m */; };
		0469791C19054FE9BFF5FBBB /* PhotoViewer.m in Sources */ = {isa = PBXBuildFile; fileRef = 40DA0810670E4137BFBC3DB7 /* PhotoViewer.m */; };
		0F75643D60FA4B6491920209 /* CDVInAppBrowser.m in Sources */ = {isa = PBXBuildFile; fileRef = 7F8A20C7BEEE48FF830946BC /* CDVInAppBrowser.m */; };
		0FD0CEAA7D0D45548E140929 /* AFURLSessionManager.m in Sources */ = {isa = PBXBuildFile; fileRef = 840BE0B4E64D4F018A30B6CF /* AFURLSessionManager.m */; };
		12D9D8C1C7B04759BCB49DCE /* CDVWKInAppBrowserUIDelegate.m in Sources */ = {isa = PBXBuildFile; fileRef = 5A946C5C3954472B8718A1F5 /* CDVWKInAppBrowserUIDelegate.m */; };
		1A7955AE9ACE456A945E4D3A /* UserAgent.m in Sources */ = {isa = PBXBuildFile; fileRef = C309EA5916894BA687ED78F6 /* UserAgent.m */; };
		1CF4F69473D94463A6A46903 /* BinaryResponseSerializer.m in Sources */ = {isa = PBXBuildFile; fileRef = 196ED7E06C6347CDA1C150C3 /* BinaryResponseSerializer.m */; };
		1D3623260D0F684500981E51 /* AppDelegate.m in Sources */ = {isa = PBXBuildFile; fileRef = 1D3623250D0F684500981E51 /* AppDelegate.m */; };
		1D60589B0D05DD56006BFB54 /* main.m in Sources */ = {isa = PBXBuildFile; fileRef = 29B97316FDCFA39411CA2CEA /* main.m */; };
		1EFED38080094F7C999E231C /* SQLitePlugin.m in Sources */ = {isa = PBXBuildFile; fileRef = 341212C599D84CA19219F16C /* SQLitePlugin.m */; };
		225FF5ABD4C346EB9F393A86 /* Toast.m in Sources */ = {isa = PBXBuildFile; fileRef = 7F11468C020F4DB7AE296A13 /* Toast.m */; };
		23D11FD169154B3BA928CE4E /* AFURLResponseSerialization.m in Sources */ = {isa = PBXBuildFile; fileRef = 62F49D6DFA0C4DD7899CF4C1 /* AFURLResponseSerialization.m */; };
		248D5C017D0942C2B651C703 /* Toast+UIView.m in Sources */ = {isa = PBXBuildFile; fileRef = 038F8E36C7D94F31A3FE7004 /* Toast+UIView.m */; };
		25AD3B2308B3472BA370D02E /* CoreTelephony.framework in Frameworks */ = {isa = PBXBuildFile; fileRef = 4BE9D3C8BEC8423C83711287 /* CoreTelephony.framework */; };
		2937ABEC0D5F4CDDAF9017F8 /* CDVInAppBrowserNavigationController.m in Sources */ = {isa = PBXBuildFile; fileRef = 2266C0C831374B279DC5F746 /* CDVInAppBrowserNavigationController.m */; };
		301BF552109A68D80062928A /* libCordova.a in Frameworks */ = {isa = PBXBuildFile; fileRef = 301BF535109A57CC0062928A /* libCordova.a */; settings = {ATTRIBUTES = (Required, ); }; };
		302D95F114D2391D003F00A1 /* MainViewController.m in Sources */ = {isa = PBXBuildFile; fileRef = 302D95EF14D2391D003F00A1 /* MainViewController.m */; };
		302D95F214D2391D003F00A1 /* MainViewController.xib in Resources */ = {isa = PBXBuildFile; fileRef = 302D95F014D2391D003F00A1 /* MainViewController.xib */; };
		3599932F062D4E418363FDC7 /* Security.framework in Frameworks */ = {isa = PBXBuildFile; fileRef = 34CC711A9CB746129524FB64 /* Security.framework */; };
		3994DB40DB034F4C97E31378 /* CDVIonicKeyboard.m in Sources */ = {isa = PBXBuildFile; fileRef = 02A97519B5844604925C1BF1 /* CDVIonicKeyboard.m */; };
		3E8A1305BB4049C4ABD1D50C /* CDVFile.m in Sources */ = {isa = PBXBuildFile; fileRef = 2D604E90179949259F2CE080 /* CDVFile.m */; };
		451D59F598A7486D847E515F /* IONAssetHandler.m in Sources */ = {isa = PBXBuildFile; fileRef = B1BAA74241114CFCBE9DC831 /* IONAssetHandler.m */; };
		48CE32C85C22498F86BAF78B /* CordovaHttpPlugin.m in Sources */ = {isa = PBXBuildFile; fileRef = 7A10E3A6AE6D47BB948745B6 /* CordovaHttpPlugin.m */; };
		4985866C94FB41209CB765AF /* CDVCompass.m in Sources */ = {isa = PBXBuildFile; fileRef = C58B5344405D4F6DB8E3065C /* CDVCompass.m */; };
		4F04F824DB534FB0B69E3089 /* AFHTTPSessionManager.m in Sources */ = {isa = PBXBuildFile; fileRef = B98430EA93D54189B758785E /* AFHTTPSessionManager.m */; };
		5BF850BAB0664436B5F5B8C1 /* TextRequestSerializer.m in Sources */ = {isa = PBXBuildFile; fileRef = 7BE5C75900A946BDA9D3278B /* TextRequestSerializer.m */; };
		65093409E2844BEFB3E595FF /* CDVOrientation.m in Sources */ = {isa = PBXBuildFile; fileRef = 6188A7EAD66F433F88C18DA5 /* CDVOrientation.m */; };
		6A099C9E04CA43A098263B3F /* SDNetworkActivityIndicator.m in Sources */ = {isa = PBXBuildFile; fileRef = 4F9241EF51CA42FEA0D475E8 /* SDNetworkActivityIndicator.m */; };
		6AF79642EEA5476788AC7690 /* CDVStatusBar.m in Sources */ = {isa = PBXBuildFile; fileRef = BCC32CE9517A4FB4960F2782 /* CDVStatusBar.m */; };
		6AFF5BF91D6E424B00AB3073 /* CDVLaunchScreen.storyboard in Resources */ = {isa = PBXBuildFile; fileRef = 6AFF5BF81D6E424B00AB3073 /* CDVLaunchScreen.storyboard */; };
		6BDF96E2C2194BAE88B26657 /* CDVReachability.m in Sources */ = {isa = PBXBuildFile; fileRef = 4A9F4C8990F343E4BDAEE417 /* CDVReachability.m */; };
		712CCD9A369646EBA3CE57B3 /* SystemConfiguration.framework in Frameworks */ = {isa = PBXBuildFile; fileRef = B726634FD6D94E7A9C3BA631 /* SystemConfiguration.framework */; };
		74C98899E5D9411ABE75A615 /* CoreLocation.framework in Frameworks */ = {isa = PBXBuildFile; fileRef = 1E04A64284A244FD9957F959 /* CoreLocation.framework */; };
		79FD6D597D5F4D589F1A5A8F /* AFURLRequestSerialization.m in Sources */ = {isa = PBXBuildFile; fileRef = D99265CC4D944C3F9AFCD481 /* AFURLRequestSerialization.m */; };
		7F743B408D95466A86A5540D /* CDVUIInAppBrowser.m in Sources */ = {isa = PBXBuildFile; fileRef = BB3A8C4D41794B638BC1FC9E /* CDVUIInAppBrowser.m */; };
		9B369676E25140C58A22F32C /* CDVInAppBrowserOptions.m in Sources */ = {isa = PBXBuildFile; fileRef = 23853879D9844BDDBC5F0371 /* CDVInAppBrowserOptions.m */; };
		A07EAA41237D466EA061C535 /* CDVWKInAppBrowser.m in Sources */ = {isa = PBXBuildFile; fileRef = 2A72356A28FA476987681250 /* CDVWKInAppBrowser.m */; };
		A1B7B2AAECBF44BC839A28A5 /* CDVDevice.m in Sources */ = {isa = PBXBuildFile; fileRef = 4309649AD1824BFDB3075C17 /* CDVDevice.m */; };
		A59707336BE3447A8AD0938D /* CDVConnection.m in Sources */ = {isa = PBXBuildFile; fileRef = 03DEE4E303D74A5E87E140C2 /* CDVConnection.m */; };
		A89108C19CDA410BA268E493 /* CDVSplashScreen.m in Sources */ = {isa = PBXBuildFile; fileRef = A3A8A4FCC13C4D9EBD767A6E /* CDVSplashScreen.m */; };
		AAD41823F59A408DACCFE09E /* CDVWKWebViewUIDelegate.m in Sources */ = {isa = PBXBuildFile; fileRef = 23BF38F947A6481CBDB2154F /* CDVWKWebViewUIDelegate.m */; };
		B0E2663D14E04296ACCB7737 /* TextResponseSerializer.m in Sources */ = {isa = PBXBuildFile; fileRef = 997409360995405C81A24AAD /* TextResponseSerializer.m */; };
		B1ADA585F7C2446BAFEE0F3F /* CDVWKWebViewEngine.m in Sources */ = {isa = PBXBuildFile; fileRef = D8476F09CA134AAB8935E209 /* CDVWKWebViewEngine.m */; };
		B3359F4B0348443E9F2F852C /* CDVWKProcessPoolFactory.m in Sources */ = {isa = PBXBuildFile; fileRef = D8EA7AE4A5894153ACCB8CAF /* CDVWKProcessPoolFactory.m */; };
		C61D4231415241C9B988C020 /* AppVersion.m in Sources */ = {isa = PBXBuildFile; fileRef = C04C1CB46B514CC8A6224E27 /* AppVersion.m */; };
		C8C7359AFC3F4442B892AE53 /* sqlite3.c in Sources */ = {isa = PBXBuildFile; fileRef = 8AFFF2037E3E42FFBFADEDB4 /* sqlite3.c */; settings = {COMPILER_FLAGS = "-w -DSQLITE_THREADSAFE=1 -DSQLITE_DEFAULT_SYNCHRONOUS=3 -DSQLITE_DEFAULT_MEMSTATUS=0 -DSQLITE_OMIT_DECLTYPE -DSQLITE_OMIT_DEPRECATED -DSQLITE_OMIT_PROGRESS_CALLBACK -DSQLITE_OMIT_SHARED_CACHE -DSQLITE_TEMP_STORE=2 -DSQLITE_OMIT_LOAD_EXTENSION -DSQLITE_ENABLE_FTS3 -DSQLITE_ENABLE_FTS3_PARENTHESIS -DSQLITE_ENABLE_FTS4 -DSQLITE_ENABLE_RTREE -DSQLITE_DEFAULT_PAGE_SIZE=4096"; }; };
		C97D29CC1DE14116B12BB548 /* AFNetworkReachabilityManager.m in Sources */ = {isa = PBXBuildFile; fileRef = C6ABAB823E144667A5868D1E /* AFNetworkReachabilityManager.m */; };
		CFE573C3279249AEAF8765C7 /* CDVAssetLibraryFilesystem.m in Sources */ = {isa = PBXBuildFile; fileRef = 399C15FB22EB49A3A15B080A /* CDVAssetLibraryFilesystem.m */; };
		E52641481C2C42E8952FF8F8 /* WebKit.framework in Frameworks */ = {isa = PBXBuildFile; fileRef = 4D23D17B48284974B6F0AAB3 /* WebKit.framework */; settings = {ATTRIBUTES = (Weak, ); }; };
		F0762222D99F46F0B0325B9E /* CDVViewController+SplashScreen.m in Sources */ = {isa = PBXBuildFile; fileRef = D4BEA80E48EC4C6DBB13A924 /* CDVViewController+SplashScreen.m */; };
		F829E4AA1CE8459790A99C9C /* QuartzCore.framework in Frameworks */ = {isa = PBXBuildFile; fileRef = 0BC0417D032B4D22AA231C0A /* QuartzCore.framework */; };
		FA7F4A7E58D7418CACEEF352 /* CustomPSPDFThreadSafeMutableDictionary.m in Sources */ = {isa = PBXBuildFile; fileRef = D73D659F1A1B4305AF56978A /* CustomPSPDFThreadSafeMutableDictionary.m */; settings = {COMPILER_FLAGS = "-w"; }; };
/* End PBXBuildFile section */

/* Begin PBXContainerItemProxy section */
		301BF534109A57CC0062928A /* PBXContainerItemProxy */ = {
			isa = PBXContainerItemProxy;
			containerPortal = 301BF52D109A57CC0062928A /* CordovaLib.xcodeproj */;
			proxyType = 2;
			remoteGlobalIDString = D2AAC07E0554694100DB518D;
			remoteInfo = CordovaLib;
		};
		301BF550109A68C00062928A /* PBXContainerItemProxy */ = {
			isa = PBXContainerItemProxy;
			containerPortal = 301BF52D109A57CC0062928A /* CordovaLib.xcodeproj */;
			proxyType = 1;
			remoteGlobalIDString = D2AAC07D0554694100DB518D;
			remoteInfo = CordovaLib;
		};
		907D8123214C687600058A10 /* PBXContainerItemProxy */ = {
			isa = PBXContainerItemProxy;
			containerPortal = 301BF52D109A57CC0062928A /* CordovaLib.xcodeproj */;
			proxyType = 2;
			remoteGlobalIDString = C0C01EB21E3911D50056E6CB;
			remoteInfo = Cordova;
		};
/* End PBXContainerItemProxy section */

/* Begin PBXFileReference section */
		0207DA571B56EA530066E2B4 /* Images.xcassets */ = {isa = PBXFileReference; lastKnownFileType = folder.assetcatalog; name = Images.xcassets; path = NewAgeAlpha/Images.xcassets; sourceTree = SOURCE_ROOT; };
		02A97519B5844604925C1BF1 /* CDVIonicKeyboard.m */ = {isa = PBXFileReference; explicitFileType = undefined; fileEncoding = 4; includeInIndex = 0; lastKnownFileType = sourcecode.c.objc; name = CDVIonicKeyboard.m; path = "cordova-plugin-ionic-keyboard/CDVIonicKeyboard.m"; sourceTree = "<group>"; };
		038F8E36C7D94F31A3FE7004 /* Toast+UIView.m */ = {isa = PBXFileReference; explicitFileType = undefined; fileEncoding = 4; includeInIndex = 0; lastKnownFileType = sourcecode.c.objc; name = "Toast+UIView.m"; path = "cordova-plugin-x-toast/Toast+UIView.m"; sourceTree = "<group>"; };
		03DEE4E303D74A5E87E140C2 /* CDVConnection.m */ = {isa = PBXFileReference; explicitFileType = undefined; fileEncoding = 4; includeInIndex = 0; lastKnownFileType = sourcecode.c.objc; name = CDVConnection.m; path = "cordova-plugin-network-information/CDVConnection.m"; sourceTree = "<group>"; };
		0B74E0A7518B49439D0D654B /* CDVWKProcessPoolFactory.h */ = {isa = PBXFileReference; explicitFileType = undefined; fileEncoding = 4; includeInIndex = 0; lastKnownFileType = sourcecode.c.h; name = CDVWKProcessPoolFactory.h; path = "cordova-plugin-ionic-webview/CDVWKProcessPoolFactory.h"; sourceTree = "<group>"; };
		0BC0417D032B4D22AA231C0A /* QuartzCore.framework */ = {isa = PBXFileReference; explicitFileType = undefined; fileEncoding = 9; includeInIndex = 0; lastKnownFileType = wrapper.framework; name = QuartzCore.framework; path = System/Library/Frameworks/QuartzCore.framework; sourceTree = SDKROOT; };
		0EA810EA5A9E4B7ABECC2CFA /* CDVCompass.h */ = {isa = PBXFileReference; explicitFileType = undefined; fileEncoding = 4; includeInIndex = 0; lastKnownFileType = sourcecode.c.h; name = CDVCompass.h; path = "cordova-plugin-device-orientation/CDVCompass.h"; sourceTree = "<group>"; };
		196ED7E06C6347CDA1C150C3 /* BinaryResponseSerializer.m */ = {isa = PBXFileReference; explicitFileType = undefined; fileEncoding = 4; includeInIndex = 0; lastKnownFileType = sourcecode.c.objc; name = BinaryResponseSerializer.m; path = "cordova-plugin-advanced-http/BinaryResponseSerializer.m"; sourceTree = "<group>"; };
		1B4CAA93DA47413A93BF8AC3 /* CDVFile.h */ = {isa = PBXFileReference; explicitFileType = undefined; fileEncoding = 4; includeInIndex = 0; lastKnownFileType = sourcecode.c.h; name = CDVFile.h; path = "cordova-plugin-file/CDVFile.h"; sourceTree = "<group>"; };
		1CE5FED722DF44E1BD95C5D1 /* Toast+UIView.h */ = {isa = PBXFileReference; explicitFileType = undefined; fileEncoding = 4; includeInIndex = 0; lastKnownFileType = sourcecode.c.h; name = "Toast+UIView.h"; path = "cordova-plugin-x-toast/Toast+UIView.h"; sourceTree = "<group>"; };
		1D3623240D0F684500981E51 /* AppDelegate.h */ = {isa = PBXFileReference; fileEncoding = 4; lastKnownFileType = sourcecode.c.h; path = AppDelegate.h; sourceTree = "<group>"; };
		1D3623250D0F684500981E51 /* AppDelegate.m */ = {isa = PBXFileReference; fileEncoding = 4; lastKnownFileType = sourcecode.c.objc; path = AppDelegate.m; sourceTree = "<group>"; };
		1D6058910D05DD3D006BFB54 /* NewAgeAlpha.app */ = {isa = PBXFileReference; explicitFileType = wrapper.application; includeInIndex = 0; path = NewAgeAlpha.app; sourceTree = BUILT_PRODUCTS_DIR; };
		1DFD4B40D7EE4D0384C4BFD0 /* IONAssetHandler.h */ = {isa = PBXFileReference; explicitFileType = undefined; fileEncoding = 4; includeInIndex = 0; lastKnownFileType = sourcecode.c.h; name = IONAssetHandler.h; path = "cordova-plugin-ionic-webview/IONAssetHandler.h"; sourceTree = "<group>"; };
		1E04A64284A244FD9957F959 /* CoreLocation.framework */ = {isa = PBXFileReference; explicitFileType = undefined; fileEncoding = 9; includeInIndex = 0; lastKnownFileType = wrapper.framework; name = CoreLocation.framework; path = System/Library/Frameworks/CoreLocation.framework; sourceTree = SDKROOT; };
		2266C0C831374B279DC5F746 /* CDVInAppBrowserNavigationController.m */ = {isa = PBXFileReference; explicitFileType = undefined; fileEncoding = 4; includeInIndex = 0; lastKnownFileType = sourcecode.c.objc; name = CDVInAppBrowserNavigationController.m; path = "cordova-plugin-inappbrowser/CDVInAppBrowserNavigationController.m"; sourceTree = "<group>"; };
		23853879D9844BDDBC5F0371 /* CDVInAppBrowserOptions.m */ = {isa = PBXFileReference; explicitFileType = undefined; fileEncoding = 4; includeInIndex = 0; lastKnownFileType = sourcecode.c.objc; name = CDVInAppBrowserOptions.m; path = "cordova-plugin-inappbrowser/CDVInAppBrowserOptions.m"; sourceTree = "<group>"; };
		23BF38F947A6481CBDB2154F /* CDVWKWebViewUIDelegate.m */ = {isa = PBXFileReference; explicitFileType = undefined; fileEncoding = 4; includeInIndex = 0; lastKnownFileType = sourcecode.c.objc; name = CDVWKWebViewUIDelegate.m; path = "cordova-plugin-ionic-webview/CDVWKWebViewUIDelegate.m"; sourceTree = "<group>"; };
		29B97316FDCFA39411CA2CEA /* main.m */ = {isa = PBXFileReference; fileEncoding = 4; lastKnownFileType = sourcecode.c.objc; path = main.m; sourceTree = "<group>"; };
		2A72356A28FA476987681250 /* CDVWKInAppBrowser.m */ = {isa = PBXFileReference; explicitFileType = undefined; fileEncoding = 4; includeInIndex = 0; lastKnownFileType = sourcecode.c.objc; name = CDVWKInAppBrowser.m; path = "cordova-plugin-inappbrowser/CDVWKInAppBrowser.m"; sourceTree = "<group>"; };
		2D604E90179949259F2CE080 /* CDVFile.m */ = {isa = PBXFileReference; explicitFileType = undefined; fileEncoding = 4; includeInIndex = 0; lastKnownFileType = sourcecode.c.objc; name = CDVFile.m; path = "cordova-plugin-file/CDVFile.m"; sourceTree = "<group>"; };
		301BF52D109A57CC0062928A /* CordovaLib.xcodeproj */ = {isa = PBXFileReference; lastKnownFileType = "wrapper.pb-project"; name = CordovaLib.xcodeproj; path = CordovaLib/CordovaLib.xcodeproj; sourceTree = "<group>"; };
		301BF56E109A69640062928A /* www */ = {isa = PBXFileReference; lastKnownFileType = folder; path = www; sourceTree = SOURCE_ROOT; };
		302D95EE14D2391D003F00A1 /* MainViewController.h */ = {isa = PBXFileReference; fileEncoding = 4; lastKnownFileType = sourcecode.c.h; path = MainViewController.h; sourceTree = "<group>"; };
		302D95EF14D2391D003F00A1 /* MainViewController.m */ = {isa = PBXFileReference; fileEncoding = 4; lastKnownFileType = sourcecode.c.objc; path = MainViewController.m; sourceTree = "<group>"; };
		302D95F014D2391D003F00A1 /* MainViewController.xib */ = {isa = PBXFileReference; fileEncoding = 4; lastKnownFileType = file.xib; path = MainViewController.xib; sourceTree = "<group>"; };
		3047A50F1AB8059700498E2A /* build-debug.xcconfig */ = {isa = PBXFileReference; fileEncoding = 4; lastKnownFileType = text.xcconfig; name = "build-debug.xcconfig"; path = "cordova/build-debug.xcconfig"; sourceTree = SOURCE_ROOT; };
		3047A5101AB8059700498E2A /* build-release.xcconfig */ = {isa = PBXFileReference; fileEncoding = 4; lastKnownFileType = text.xcconfig; name = "build-release.xcconfig"; path = "cordova/build-release.xcconfig"; sourceTree = SOURCE_ROOT; };
		3047A5111AB8059700498E2A /* build.xcconfig */ = {isa = PBXFileReference; fileEncoding = 4; lastKnownFileType = text.xcconfig; name = build.xcconfig; path = cordova/build.xcconfig; sourceTree = SOURCE_ROOT; };
		32CA4F630368D1EE00C91783 /* NewAgeAlpha-Prefix.pch */ = {isa = PBXFileReference; fileEncoding = 4; lastKnownFileType = sourcecode.c.h; path = "NewAgeAlpha-Prefix.pch"; sourceTree = "<group>"; };
		341212C599D84CA19219F16C /* SQLitePlugin.m */ = {isa = PBXFileReference; explicitFileType = undefined; fileEncoding = 4; includeInIndex = 0; lastKnownFileType = sourcecode.c.objc; name = SQLitePlugin.m; path = "cordova-sqlite-storage/SQLitePlugin.m"; sourceTree = "<group>"; };
		34CC711A9CB746129524FB64 /* Security.framework */ = {isa = PBXFileReference; explicitFileType = undefined; fileEncoding = 9; includeInIndex = 0; lastKnownFileType = wrapper.framework; name = Security.framework; path = System/Library/Frameworks/Security.framework; sourceTree = SDKROOT; };
		35315FFDB64144DD8BF21CDA /* CDVLocalFilesystem.m */ = {isa = PBXFileReference; explicitFileType = undefined; fileEncoding = 4; includeInIndex = 0; lastKnownFileType = sourcecode.c.objc; name = CDVLocalFilesystem.m; path = "cordova-plugin-file/CDVLocalFilesystem.m"; sourceTree = "<group>"; };
		36B62B9F33F74A948536009A /* CDVIonicKeyboard.h */ = {isa = PBXFileReference; explicitFileType = undefined; fileEncoding = 4; includeInIndex = 0; lastKnownFileType = sourcecode.c.h; name = CDVIonicKeyboard.h; path = "cordova-plugin-ionic-keyboard/CDVIonicKeyboard.h"; sourceTree = "<group>"; };
		399C15FB22EB49A3A15B080A /* CDVAssetLibraryFilesystem.m */ = {isa = PBXFileReference; explicitFileType = undefined; fileEncoding = 4; includeInIndex = 0; lastKnownFileType = sourcecode.c.objc; name = CDVAssetLibraryFilesystem.m; path = "cordova-plugin-file/CDVAssetLibraryFilesystem.m"; sourceTree = "<group>"; };
		3DCB2007246D475FB7F8FF98 /* AFSecurityPolicy.m */ = {isa = PBXFileReference; explicitFileType = undefined; fileEncoding = 4; includeInIndex = 0; lastKnownFileType = sourcecode.c.objc; name = AFSecurityPolicy.m; path = "cordova-plugin-advanced-http/AFSecurityPolicy.m"; sourceTree = "<group>"; };
		407B8BF32EF544F49B03B626 /* CDVWKInAppBrowser.h */ = {isa = PBXFileReference; explicitFileType = undefined; fileEncoding = 4; includeInIndex = 0; lastKnownFileType = sourcecode.c.h; name = CDVWKInAppBrowser.h; path = "cordova-plugin-inappbrowser/CDVWKInAppBrowser.h"; sourceTree = "<group>"; };
		40DA0810670E4137BFBC3DB7 /* PhotoViewer.m */ = {isa = PBXFileReference; explicitFileType = undefined; fileEncoding = 4; includeInIndex = 0; lastKnownFileType = sourcecode.c.objc; name = PhotoViewer.m; path = "com-sarriaroman-photoviewer/PhotoViewer.m"; sourceTree = "<group>"; };
		4176A84F956C441F8D833503 /* CordovaHttpPlugin.h */ = {isa = PBXFileReference; explicitFileType = undefined; fileEncoding = 4; includeInIndex = 0; lastKnownFileType = sourcecode.c.h; name = CordovaHttpPlugin.h; path = "cordova-plugin-advanced-http/CordovaHttpPlugin.h"; sourceTree = "<group>"; };
		4309649AD1824BFDB3075C17 /* CDVDevice.m */ = {isa = PBXFileReference; explicitFileType = undefined; fileEncoding = 4; includeInIndex = 0; lastKnownFileType = sourcecode.c.objc; name = CDVDevice.m; path = "cordova-plugin-device/CDVDevice.m"; sourceTree = "<group>"; };
		4482560E50494EC087BCC4A7 /* CDVAssetLibraryFilesystem.h */ = {isa = PBXFileReference; explicitFileType = undefined; fileEncoding = 4; includeInIndex = 0; lastKnownFileType = sourcecode.c.h; name = CDVAssetLibraryFilesystem.h; path = "cordova-plugin-file/CDVAssetLibraryFilesystem.h"; sourceTree = "<group>"; };
		44E1671D92E146CD8ED92717 /* CDVInAppBrowser.h */ = {isa = PBXFileReference; explicitFileType = undefined; fileEncoding = 4; includeInIndex = 0; lastKnownFileType = sourcecode.c.h; name = CDVInAppBrowser.h; path = "cordova-plugin-inappbrowser/CDVInAppBrowser.h"; sourceTree = "<group>"; };
		46B27839524E42459FEBDFC0 /* CDVWKWebViewUIDelegate.h */ = {isa = PBXFileReference; explicitFileType = undefined; fileEncoding = 4; includeInIndex = 0; lastKnownFileType = sourcecode.c.h; name = CDVWKWebViewUIDelegate.h; path = "cordova-plugin-ionic-webview/CDVWKWebViewUIDelegate.h"; sourceTree = "<group>"; };
		4A9F4C8990F343E4BDAEE417 /* CDVReachability.m */ = {isa = PBXFileReference; explicitFileType = undefined; fileEncoding = 4; includeInIndex = 0; lastKnownFileType = sourcecode.c.objc; name = CDVReachability.m; path = "cordova-plugin-network-information/CDVReachability.m"; sourceTree = "<group>"; };
		4BE9D3C8BEC8423C83711287 /* CoreTelephony.framework */ = {isa = PBXFileReference; explicitFileType = undefined; fileEncoding = 9; includeInIndex = 0; lastKnownFileType = wrapper.framework; name = CoreTelephony.framework; path = System/Library/Frameworks/CoreTelephony.framework; sourceTree = SDKROOT; };
		4D23D17B48284974B6F0AAB3 /* WebKit.framework */ = {isa = PBXFileReference; explicitFileType = undefined; fileEncoding = 9; includeInIndex = 0; lastKnownFileType = wrapper.framework; name = WebKit.framework; path = System/Library/Frameworks/WebKit.framework; sourceTree = SDKROOT; };
		4F9241EF51CA42FEA0D475E8 /* SDNetworkActivityIndicator.m */ = {isa = PBXFileReference; explicitFileType = undefined; fileEncoding = 4; includeInIndex = 0; lastKnownFileType = sourcecode.c.objc; name = SDNetworkActivityIndicator.m; path = "cordova-plugin-advanced-http/SDNetworkActivityIndicator.m"; sourceTree = "<group>"; };
		58C328147A574943B857996B /* AFURLRequestSerialization.h */ = {isa = PBXFileReference; explicitFileType = undefined; fileEncoding = 4; includeInIndex = 0; lastKnownFileType = sourcecode.c.h; name = AFURLRequestSerialization.h; path = "cordova-plugin-advanced-http/AFURLRequestSerialization.h"; sourceTree = "<group>"; };
		5A946C5C3954472B8718A1F5 /* CDVWKInAppBrowserUIDelegate.m */ = {isa = PBXFileReference; explicitFileType = undefined; fileEncoding = 4; includeInIndex = 0; lastKnownFileType = sourcecode.c.objc; name = CDVWKInAppBrowserUIDelegate.m; path = "cordova-plugin-inappbrowser/CDVWKInAppBrowserUIDelegate.m"; sourceTree = "<group>"; };
		5F3EF8BA8A294B268CD64169 /* CDVInAppBrowserNavigationController.h */ = {isa = PBXFileReference; explicitFileType = undefined; fileEncoding = 4; includeInIndex = 0; lastKnownFileType = sourcecode.c.h; name = CDVInAppBrowserNavigationController.h; path = "cordova-plugin-inappbrowser/CDVInAppBrowserNavigationController.h"; sourceTree = "<group>"; };
		60C0F62C1CCB4A7A814C174B /* CDVOrientation.h */ = {isa = PBXFileReference; explicitFileType = undefined; fileEncoding = 4; includeInIndex = 0; lastKnownFileType = sourcecode.c.h; name = CDVOrientation.h; path = "cordova-plugin-screen-orientation/CDVOrientation.h"; sourceTree = "<group>"; };
		6188A7EAD66F433F88C18DA5 /* CDVOrientation.m */ = {isa = PBXFileReference; explicitFileType = undefined; fileEncoding = 4; includeInIndex = 0; lastKnownFileType = sourcecode.c.objc; name = CDVOrientation.m; path = "cordova-plugin-screen-orientation/CDVOrientation.m"; sourceTree = "<group>"; };
		62F49D6DFA0C4DD7899CF4C1 /* AFURLResponseSerialization.m */ = {isa = PBXFileReference; explicitFileType = undefined; fileEncoding = 4; includeInIndex = 0; lastKnownFileType = sourcecode.c.objc; name = AFURLResponseSerialization.m; path = "cordova-plugin-advanced-http/AFURLResponseSerialization.m"; sourceTree = "<group>"; };
		65E6B7CD5E874738B7EA10AC /* CDVUIInAppBrowser.h */ = {isa = PBXFileReference; explicitFileType = undefined; fileEncoding = 4; includeInIndex = 0; lastKnownFileType = sourcecode.c.h; name = CDVUIInAppBrowser.h; path = "cordova-plugin-inappbrowser/CDVUIInAppBrowser.h"; sourceTree = "<group>"; };
		6AFF5BF81D6E424B00AB3073 /* CDVLaunchScreen.storyboard */ = {isa = PBXFileReference; fileEncoding = 4; lastKnownFileType = file.storyboard; name = CDVLaunchScreen.storyboard; path = NewAgeAlpha/CDVLaunchScreen.storyboard; sourceTree = SOURCE_ROOT; };
		6CA7FD62E0FD499A8061276C /* UserAgent.h */ = {isa = PBXFileReference; explicitFileType = undefined; fileEncoding = 4; includeInIndex = 0; lastKnownFileType = sourcecode.c.h; name = UserAgent.h; path = im.ltdev.cordova.UserAgent/UserAgent.h; sourceTree = "<group>"; };
		6DB7E6F36A58488D90F27319 /* CDVReachability.h */ = {isa = PBXFileReference; explicitFileType = undefined; fileEncoding = 4; includeInIndex = 0; lastKnownFileType = sourcecode.c.h; name = CDVReachability.h; path = "cordova-plugin-network-information/CDVReachability.h"; sourceTree = "<group>"; };
		736610215B60468B8A8DAFE9 /* AFNetworking.h */ = {isa = PBXFileReference; explicitFileType = undefined; fileEncoding = 4; includeInIndex = 0; lastKnownFileType = sourcecode.c.h; name = AFNetworking.h; path = "cordova-plugin-advanced-http/AFNetworking.h"; sourceTree = "<group>"; };
		76CB95C4506746AD8249E622 /* AFURLSessionManager.h */ = {isa = PBXFileReference; explicitFileType = undefined; fileEncoding = 4; includeInIndex = 0; lastKnownFileType = sourcecode.c.h; name = AFURLSessionManager.h; path = "cordova-plugin-advanced-http/AFURLSessionManager.h"; sourceTree = "<group>"; };
		7A10E3A6AE6D47BB948745B6 /* CordovaHttpPlugin.m */ = {isa = PBXFileReference; explicitFileType = undefined; fileEncoding = 4; includeInIndex = 0; lastKnownFileType = sourcecode.c.objc; name = CordovaHttpPlugin.m; path = "cordova-plugin-advanced-http/CordovaHttpPlugin.m"; sourceTree = "<group>"; };
		7BCB3AF2656B474286B205E8 /* CDVDevice.h */ = {isa = PBXFileReference; explicitFileType = undefined; fileEncoding = 4; includeInIndex = 0; lastKnownFileType = sourcecode.c.h; name = CDVDevice.h; path = "cordova-plugin-device/CDVDevice.h"; sourceTree = "<group>"; };
		7BE5C75900A946BDA9D3278B /* TextRequestSerializer.m */ = {isa = PBXFileReference; explicitFileType = undefined; fileEncoding = 4; includeInIndex = 0; lastKnownFileType = sourcecode.c.objc; name = TextRequestSerializer.m; path = "cordova-plugin-advanced-http/TextRequestSerializer.m"; sourceTree = "<group>"; };
		7F11468C020F4DB7AE296A13 /* Toast.m */ = {isa = PBXFileReference; explicitFileType = undefined; fileEncoding = 4; includeInIndex = 0; lastKnownFileType = sourcecode.c.objc; name = Toast.m; path = "cordova-plugin-x-toast/Toast.m"; sourceTree = "<group>"; };
		7F8A20C7BEEE48FF830946BC /* CDVInAppBrowser.m */ = {isa = PBXFileReference; explicitFileType = undefined; fileEncoding = 4; includeInIndex = 0; lastKnownFileType = sourcecode.c.objc; name = CDVInAppBrowser.m; path = "cordova-plugin-inappbrowser/CDVInAppBrowser.m"; sourceTree = "<group>"; };
		8212643A112E473EA7A7E338 /* CDVInAppBrowserOptions.h */ = {isa = PBXFileReference; explicitFileType = undefined; fileEncoding = 4; includeInIndex = 0; lastKnownFileType = sourcecode.c.h; name = CDVInAppBrowserOptions.h; path = "cordova-plugin-inappbrowser/CDVInAppBrowserOptions.h"; sourceTree = "<group>"; };
		840BE0B4E64D4F018A30B6CF /* AFURLSessionManager.m */ = {isa = PBXFileReference; explicitFileType = undefined; fileEncoding = 4; includeInIndex = 0; lastKnownFileType = sourcecode.c.objc; name = AFURLSessionManager.m; path = "cordova-plugin-advanced-http/AFURLSessionManager.m"; sourceTree = "<group>"; };
		8AFFF2037E3E42FFBFADEDB4 /* sqlite3.c */ = {isa = PBXFileReference; explicitFileType = undefined; fileEncoding = 9; includeInIndex = 0; lastKnownFileType = unknown; name = sqlite3.c; path = "cordova-sqlite-storage/sqlite3.c"; sourceTree = "<group>"; };
		8D1107310486CEB800E47090 /* NewAgeAlpha-Info.plist */ = {isa = PBXFileReference; fileEncoding = 4; lastKnownFileType = text.plist.xml; name = "NewAgeAlpha-Info.plist"; path = "NewAgeAlpha/NewAgeAlpha-Info.plist"; plistStructureDefinitionIdentifier = "com.apple.xcode.plist.structure-definition.iphone.info-plist"; sourceTree = SOURCE_ROOT; };
		9274F3C0751040978FAE5E6C /* CDVLocalFilesystem.h */ = {isa = PBXFileReference; explicitFileType = undefined; fileEncoding = 4; includeInIndex = 0; lastKnownFileType = sourcecode.c.h; name = CDVLocalFilesystem.h; path = "cordova-plugin-file/CDVLocalFilesystem.h"; sourceTree = "<group>"; };
		93582068E8634D569D1FFE03 /* TextResponseSerializer.h */ = {isa = PBXFileReference; explicitFileType = undefined; fileEncoding = 4; includeInIndex = 0; lastKnownFileType = sourcecode.c.h; name = TextResponseSerializer.h; path = "cordova-plugin-advanced-http/TextResponseSerializer.h"; sourceTree = "<group>"; };
		95C5F7B1A5DD4F24BC203069 /* SQLitePlugin.h */ = {isa = PBXFileReference; explicitFileType = undefined; fileEncoding = 4; includeInIndex = 0; lastKnownFileType = sourcecode.c.h; name = SQLitePlugin.h; path = "cordova-sqlite-storage/SQLitePlugin.h"; sourceTree = "<group>"; };
		9616E5E07340462EBE0B2743 /* AFHTTPSessionManager.h */ = {isa = PBXFileReference; explicitFileType = undefined; fileEncoding = 4; includeInIndex = 0; lastKnownFileType = sourcecode.c.h; name = AFHTTPSessionManager.h; path = "cordova-plugin-advanced-http/AFHTTPSessionManager.h"; sourceTree = "<group>"; };
		9845B98A4C8349F397991797 /* Toast.h */ = {isa = PBXFileReference; explicitFileType = undefined; fileEncoding = 4; includeInIndex = 0; lastKnownFileType = sourcecode.c.h; name = Toast.h; path = "cordova-plugin-x-toast/Toast.h"; sourceTree = "<group>"; };
		997409360995405C81A24AAD /* TextResponseSerializer.m */ = {isa = PBXFileReference; explicitFileType = undefined; fileEncoding = 4; includeInIndex = 0; lastKnownFileType = sourcecode.c.objc; name = TextResponseSerializer.m; path = "cordova-plugin-advanced-http/TextResponseSerializer.m"; sourceTree = "<group>"; };
		99EDFF9A92F2457BAD90A5D9 /* AppVersion.h */ = {isa = PBXFileReference; explicitFileType = undefined; fileEncoding = 4; includeInIndex = 0; lastKnownFileType = sourcecode.c.h; name = AppVersion.h; path = "cordova-plugin-app-version/AppVersion.h"; sourceTree = "<group>"; };
		A3A8A4FCC13C4D9EBD767A6E /* CDVSplashScreen.m */ = {isa = PBXFileReference; explicitFileType = undefined; fileEncoding = 4; includeInIndex = 0; lastKnownFileType = sourcecode.c.objc; name = CDVSplashScreen.m; path = "cordova-plugin-splashscreen/CDVSplashScreen.m"; sourceTree = "<group>"; };
		B0F3A41F38B94078957A19C5 /* CDVStatusBar.h */ = {isa = PBXFileReference; explicitFileType = undefined; fileEncoding = 4; includeInIndex = 0; lastKnownFileType = sourcecode.c.h; name = CDVStatusBar.h; path = "cordova-plugin-statusbar/CDVStatusBar.h"; sourceTree = "<group>"; };
		B1BAA74241114CFCBE9DC831 /* IONAssetHandler.m */ = {isa = PBXFileReference; explicitFileType = undefined; fileEncoding = 4; includeInIndex = 0; lastKnownFileType = sourcecode.c.objc; name = IONAssetHandler.m; path = "cordova-plugin-ionic-webview/IONAssetHandler.m"; sourceTree = "<group>"; };
		B3B9B02F3D5740C1B7E79DDB /* CDVWKInAppBrowserUIDelegate.h */ = {isa = PBXFileReference; explicitFileType = undefined; fileEncoding = 4; includeInIndex = 0; lastKnownFileType = sourcecode.c.h; name = CDVWKInAppBrowserUIDelegate.h; path = "cordova-plugin-inappbrowser/CDVWKInAppBrowserUIDelegate.h"; sourceTree = "<group>"; };
		B726634FD6D94E7A9C3BA631 /* SystemConfiguration.framework */ = {isa = PBXFileReference; explicitFileType = undefined; fileEncoding = 9; includeInIndex = 0; lastKnownFileType = wrapper.framework; name = SystemConfiguration.framework; path = System/Library/Frameworks/SystemConfiguration.framework; sourceTree = SDKROOT; };
		B98430EA93D54189B758785E /* AFHTTPSessionManager.m */ = {isa = PBXFileReference; explicitFileType = undefined; fileEncoding = 4; includeInIndex = 0; lastKnownFileType = sourcecode.c.objc; name = AFHTTPSessionManager.m; path = "cordova-plugin-advanced-http/AFHTTPSessionManager.m"; sourceTree = "<group>"; };
		B9AA538085E94EA2BC44CB67 /* CDVViewController+SplashScreen.h */ = {isa = PBXFileReference; explicitFileType = undefined; fileEncoding = 4; includeInIndex = 0; lastKnownFileType = sourcecode.c.h; name = "CDVViewController+SplashScreen.h"; path = "cordova-plugin-splashscreen/CDVViewController+SplashScreen.h"; sourceTree = "<group>"; };
		BB3A8C4D41794B638BC1FC9E /* CDVUIInAppBrowser.m */ = {isa = PBXFileReference; explicitFileType = undefined; fileEncoding = 4; includeInIndex = 0; lastKnownFileType = sourcecode.c.objc; name = CDVUIInAppBrowser.m; path = "cordova-plugin-inappbrowser/CDVUIInAppBrowser.m"; sourceTree = "<group>"; };
		BCC32CE9517A4FB4960F2782 /* CDVStatusBar.m */ = {isa = PBXFileReference; explicitFileType = undefined; fileEncoding = 4; includeInIndex = 0; lastKnownFileType = sourcecode.c.objc; name = CDVStatusBar.m; path = "cordova-plugin-statusbar/CDVStatusBar.m"; sourceTree = "<group>"; };
		BF1045DD18834DD391B1D09A /* CDVWKWebViewEngine.h */ = {isa = PBXFileReference; explicitFileType = undefined; fileEncoding = 4; includeInIndex = 0; lastKnownFileType = sourcecode.c.h; name = CDVWKWebViewEngine.h; path = "cordova-plugin-ionic-webview/CDVWKWebViewEngine.h"; sourceTree = "<group>"; };
		C04C1CB46B514CC8A6224E27 /* AppVersion.m */ = {isa = PBXFileReference; explicitFileType = undefined; fileEncoding = 4; includeInIndex = 0; lastKnownFileType = sourcecode.c.objc; name = AppVersion.m; path = "cordova-plugin-app-version/AppVersion.m"; sourceTree = "<group>"; };
		C309EA5916894BA687ED78F6 /* UserAgent.m */ = {isa = PBXFileReference; explicitFileType = undefined; fileEncoding = 4; includeInIndex = 0; lastKnownFileType = sourcecode.c.objc; name = UserAgent.m; path = im.ltdev.cordova.UserAgent/UserAgent.m; sourceTree = "<group>"; };
		C5083FBAB4FB4B3C990926E3 /* CDVConnection.h */ = {isa = PBXFileReference; explicitFileType = undefined; fileEncoding = 4; includeInIndex = 0; lastKnownFileType = sourcecode.c.h; name = CDVConnection.h; path = "cordova-plugin-network-information/CDVConnection.h"; sourceTree = "<group>"; };
		C58B5344405D4F6DB8E3065C /* CDVCompass.m */ = {isa = PBXFileReference; explicitFileType = undefined; fileEncoding = 4; includeInIndex = 0; lastKnownFileType = sourcecode.c.objc; name = CDVCompass.m; path = "cordova-plugin-device-orientation/CDVCompass.m"; sourceTree = "<group>"; };
		C6ABAB823E144667A5868D1E /* AFNetworkReachabilityManager.m */ = {isa = PBXFileReference; explicitFileType = undefined; fileEncoding = 4; includeInIndex = 0; lastKnownFileType = sourcecode.c.objc; name = AFNetworkReachabilityManager.m; path = "cordova-plugin-advanced-http/AFNetworkReachabilityManager.m"; sourceTree = "<group>"; };
		D4BEA80E48EC4C6DBB13A924 /* CDVViewController+SplashScreen.m */ = {isa = PBXFileReference; explicitFileType = undefined; fileEncoding = 4; includeInIndex = 0; lastKnownFileType = sourcecode.c.objc; name = "CDVViewController+SplashScreen.m"; path = "cordova-plugin-splashscreen/CDVViewController+SplashScreen.m"; sourceTree = "<group>"; };
		D73D659F1A1B4305AF56978A /* CustomPSPDFThreadSafeMutableDictionary.m */ = {isa = PBXFileReference; explicitFileType = undefined; fileEncoding = 4; includeInIndex = 0; lastKnownFileType = sourcecode.c.objc; name = CustomPSPDFThreadSafeMutableDictionary.m; path = "cordova-sqlite-storage/CustomPSPDFThreadSafeMutableDictionary.m"; sourceTree = "<group>"; };
		D8476F09CA134AAB8935E209 /* CDVWKWebViewEngine.m */ = {isa = PBXFileReference; explicitFileType = undefined; fileEncoding = 4; includeInIndex = 0; lastKnownFileType = sourcecode.c.objc; name = CDVWKWebViewEngine.m; path = "cordova-plugin-ionic-webview/CDVWKWebViewEngine.m"; sourceTree = "<group>"; };
		D8EA7AE4A5894153ACCB8CAF /* CDVWKProcessPoolFactory.m */ = {isa = PBXFileReference; explicitFileType = undefined; fileEncoding = 4; includeInIndex = 0; lastKnownFileType = sourcecode.c.objc; name = CDVWKProcessPoolFactory.m; path = "cordova-plugin-ionic-webview/CDVWKProcessPoolFactory.m"; sourceTree = "<group>"; };
		D99265CC4D944C3F9AFCD481 /* AFURLRequestSerialization.m */ = {isa = PBXFileReference; explicitFileType = undefined; fileEncoding = 4; includeInIndex = 0; lastKnownFileType = sourcecode.c.objc; name = AFURLRequestSerialization.m; path = "cordova-plugin-advanced-http/AFURLRequestSerialization.m"; sourceTree = "<group>"; };
		DCDC797AE4AE46FC9725DDC6 /* TextRequestSerializer.h */ = {isa = PBXFileReference; explicitFileType = undefined; fileEncoding = 4; includeInIndex = 0; lastKnownFileType = sourcecode.c.h; name = TextRequestSerializer.h; path = "cordova-plugin-advanced-http/TextRequestSerializer.h"; sourceTree = "<group>"; };
		DD22B976C89C4B90B2632D55 /* SDNetworkActivityIndicator.h */ = {isa = PBXFileReference; explicitFileType = undefined; fileEncoding = 4; includeInIndex = 0; lastKnownFileType = sourcecode.c.h; name = SDNetworkActivityIndicator.h; path = "cordova-plugin-advanced-http/SDNetworkActivityIndicator.h"; sourceTree = "<group>"; };
		E3B6B04F15C14A08AF95FE41 /* AFSecurityPolicy.h */ = {isa = PBXFileReference; explicitFileType = undefined; fileEncoding = 4; includeInIndex = 0; lastKnownFileType = sourcecode.c.h; name = AFSecurityPolicy.h; path = "cordova-plugin-advanced-http/AFSecurityPolicy.h"; sourceTree = "<group>"; };
		E553B2D848C2410690418C83 /* CDVSplashScreen.h */ = {isa = PBXFileReference; explicitFileType = undefined; fileEncoding = 4; includeInIndex = 0; lastKnownFileType = sourcecode.c.h; name = CDVSplashScreen.h; path = "cordova-plugin-splashscreen/CDVSplashScreen.h"; sourceTree = "<group>"; };
		EB6E754DF5D7411881690BE6 /* AFNetworkReachabilityManager.h */ = {isa = PBXFileReference; explicitFileType = undefined; fileEncoding = 4; includeInIndex = 0; lastKnownFileType = sourcecode.c.h; name = AFNetworkReachabilityManager.h; path = "cordova-plugin-advanced-http/AFNetworkReachabilityManager.h"; sourceTree = "<group>"; };
		EB87FDF31871DA8E0020F90C /* www */ = {isa = PBXFileReference; lastKnownFileType = folder; name = www; path = ../../www; sourceTree = "<group>"; };
		EB87FDF41871DAF40020F90C /* config.xml */ = {isa = PBXFileReference; lastKnownFileType = text.xml; name = config.xml; path = ../../config.xml; sourceTree = "<group>"; };
		ED33DF2A687741AEAF9F8254 /* Bridging-Header.h */ = {isa = PBXFileReference; fileEncoding = 4; lastKnownFileType = sourcecode.c.h; path = "Bridging-Header.h"; sourceTree = "<group>"; };
		EE24339FA6A544EB9A6FA575 /* sqlite3.h */ = {isa = PBXFileReference; explicitFileType = undefined; fileEncoding = 4; includeInIndex = 0; lastKnownFileType = sourcecode.c.h; name = sqlite3.h; path = "cordova-sqlite-storage/sqlite3.h"; sourceTree = "<group>"; };
		F625D678DEB84823A22BF838 /* BinaryResponseSerializer.h */ = {isa = PBXFileReference; explicitFileType = undefined; fileEncoding = 4; includeInIndex = 0; lastKnownFileType = sourcecode.c.h; name = BinaryResponseSerializer.h; path = "cordova-plugin-advanced-http/BinaryResponseSerializer.h"; sourceTree = "<group>"; };
		F840E1F0165FE0F500CFE078 /* config.xml */ = {isa = PBXFileReference; lastKnownFileType = text.xml; name = config.xml; path = NewAgeAlpha/config.xml; sourceTree = "<group>"; };
		F88CFDD586714855A228136E /* AFURLResponseSerialization.h */ = {isa = PBXFileReference; explicitFileType = undefined; fileEncoding = 4; includeInIndex = 0; lastKnownFileType = sourcecode.c.h; name = AFURLResponseSerialization.h; path = "cordova-plugin-advanced-http/AFURLResponseSerialization.h"; sourceTree = "<group>"; };
/* End PBXFileReference section */

/* Begin PBXFrameworksBuildPhase section */
		1D60588F0D05DD3D006BFB54 /* Frameworks */ = {
			isa = PBXFrameworksBuildPhase;
			buildActionMask = 2147483647;
			files = (
				301BF552109A68D80062928A /* libCordova.a in Frameworks */,
				3599932F062D4E418363FDC7 /* Security.framework in Frameworks */,
				712CCD9A369646EBA3CE57B3 /* SystemConfiguration.framework in Frameworks */,
				74C98899E5D9411ABE75A615 /* CoreLocation.framework in Frameworks */,
				E52641481C2C42E8952FF8F8 /* WebKit.framework in Frameworks */,
				25AD3B2308B3472BA370D02E /* CoreTelephony.framework in Frameworks */,
				F829E4AA1CE8459790A99C9C /* QuartzCore.framework in Frameworks */,
			);
			runOnlyForDeploymentPostprocessing = 0;
		};
/* End PBXFrameworksBuildPhase section */

/* Begin PBXGroup section */
		080E96DDFE201D6D7F000001 /* Classes */ = {
			isa = PBXGroup;
			children = (
				302D95EE14D2391D003F00A1 /* MainViewController.h */,
				302D95EF14D2391D003F00A1 /* MainViewController.m */,
				302D95F014D2391D003F00A1 /* MainViewController.xib */,
				1D3623240D0F684500981E51 /* AppDelegate.h */,
				1D3623250D0F684500981E51 /* AppDelegate.m */,
			);
			name = Classes;
			path = NewAgeAlpha/Classes;
			sourceTree = SOURCE_ROOT;
		};
		19C28FACFE9D520D11CA2CBB /* Products */ = {
			isa = PBXGroup;
			children = (
				1D6058910D05DD3D006BFB54 /* NewAgeAlpha.app */,
			);
			name = Products;
			sourceTree = "<group>";
		};
		29B97314FDCFA39411CA2CEA /* CustomTemplate */ = {
			isa = PBXGroup;
			children = (
				EB87FDF41871DAF40020F90C /* config.xml */,
				EB87FDF31871DA8E0020F90C /* www */,
				EB87FDF11871DA420020F90C /* Staging */,
				301BF52D109A57CC0062928A /* CordovaLib.xcodeproj */,
				080E96DDFE201D6D7F000001 /* Classes */,
				307C750510C5A3420062BCA9 /* Plugins */,
				29B97315FDCFA39411CA2CEA /* Other Sources */,
				29B97317FDCFA39411CA2CEA /* Resources */,
				29B97323FDCFA39411CA2CEA /* Frameworks */,
				19C28FACFE9D520D11CA2CBB /* Products */,
			);
			name = CustomTemplate;
			sourceTree = "<group>";
		};
		29B97315FDCFA39411CA2CEA /* Other Sources */ = {
			isa = PBXGroup;
			children = (
				32CA4F630368D1EE00C91783 /* NewAgeAlpha-Prefix.pch */,
				29B97316FDCFA39411CA2CEA /* main.m */,
				ED33DF2A687741AEAF9F8254 /* Bridging-Header.h */,
			);
			name = "Other Sources";
			path = NewAgeAlpha;
			sourceTree = "<group>";
		};
		29B97317FDCFA39411CA2CEA /* Resources */ = {
			isa = PBXGroup;
			children = (
				0207DA571B56EA530066E2B4 /* Images.xcassets */,
				3047A50E1AB8057F00498E2A /* config */,
				8D1107310486CEB800E47090 /* NewAgeAlpha-Info.plist */,
				6AFF5BF81D6E424B00AB3073 /* CDVLaunchScreen.storyboard */,
			);
			name = Resources;
			path = NewAgeAlpha/Resources;
			sourceTree = "<group>";
		};
		29B97323FDCFA39411CA2CEA /* Frameworks */ = {
			isa = PBXGroup;
			children = (
				34CC711A9CB746129524FB64 /* Security.framework */,
				B726634FD6D94E7A9C3BA631 /* SystemConfiguration.framework */,
				1E04A64284A244FD9957F959 /* CoreLocation.framework */,
				4D23D17B48284974B6F0AAB3 /* WebKit.framework */,
				4BE9D3C8BEC8423C83711287 /* CoreTelephony.framework */,
				0BC0417D032B4D22AA231C0A /* QuartzCore.framework */,
			);
			name = Frameworks;
			sourceTree = "<group>";
		};
		301BF52E109A57CC0062928A /* Products */ = {
			isa = PBXGroup;
			children = (
				301BF535109A57CC0062928A /* libCordova.a */,
				907D8124214C687600058A10 /* Cordova.framework */,
			);
			name = Products;
			sourceTree = "<group>";
		};
		3047A50E1AB8057F00498E2A /* config */ = {
			isa = PBXGroup;
			children = (
				3047A50F1AB8059700498E2A /* build-debug.xcconfig */,
				3047A5101AB8059700498E2A /* build-release.xcconfig */,
				3047A5111AB8059700498E2A /* build.xcconfig */,
			);
			name = config;
			sourceTree = "<group>";
		};
		307C750510C5A3420062BCA9 /* Plugins */ = {
			isa = PBXGroup;
			children = (
				40DA0810670E4137BFBC3DB7 /* PhotoViewer.m */,
				2D604E90179949259F2CE080 /* CDVFile.m */,
				35315FFDB64144DD8BF21CDA /* CDVLocalFilesystem.m */,
				399C15FB22EB49A3A15B080A /* CDVAssetLibraryFilesystem.m */,
				1B4CAA93DA47413A93BF8AC3 /* CDVFile.h */,
				9274F3C0751040978FAE5E6C /* CDVLocalFilesystem.h */,
				4482560E50494EC087BCC4A7 /* CDVAssetLibraryFilesystem.h */,
				7A10E3A6AE6D47BB948745B6 /* CordovaHttpPlugin.m */,
				196ED7E06C6347CDA1C150C3 /* BinaryResponseSerializer.m */,
				997409360995405C81A24AAD /* TextResponseSerializer.m */,
				7BE5C75900A946BDA9D3278B /* TextRequestSerializer.m */,
				B98430EA93D54189B758785E /* AFHTTPSessionManager.m */,
				C6ABAB823E144667A5868D1E /* AFNetworkReachabilityManager.m */,
				3DCB2007246D475FB7F8FF98 /* AFSecurityPolicy.m */,
				D99265CC4D944C3F9AFCD481 /* AFURLRequestSerialization.m */,
				62F49D6DFA0C4DD7899CF4C1 /* AFURLResponseSerialization.m */,
				840BE0B4E64D4F018A30B6CF /* AFURLSessionManager.m */,
				4F9241EF51CA42FEA0D475E8 /* SDNetworkActivityIndicator.m */,
				4176A84F956C441F8D833503 /* CordovaHttpPlugin.h */,
				F625D678DEB84823A22BF838 /* BinaryResponseSerializer.h */,
				93582068E8634D569D1FFE03 /* TextResponseSerializer.h */,
				DCDC797AE4AE46FC9725DDC6 /* TextRequestSerializer.h */,
				9616E5E07340462EBE0B2743 /* AFHTTPSessionManager.h */,
				736610215B60468B8A8DAFE9 /* AFNetworking.h */,
				EB6E754DF5D7411881690BE6 /* AFNetworkReachabilityManager.h */,
				E3B6B04F15C14A08AF95FE41 /* AFSecurityPolicy.h */,
				58C328147A574943B857996B /* AFURLRequestSerialization.h */,
				F88CFDD586714855A228136E /* AFURLResponseSerialization.h */,
				76CB95C4506746AD8249E622 /* AFURLSessionManager.h */,
				DD22B976C89C4B90B2632D55 /* SDNetworkActivityIndicator.h */,
				C04C1CB46B514CC8A6224E27 /* AppVersion.m */,
				99EDFF9A92F2457BAD90A5D9 /* AppVersion.h */,
				4309649AD1824BFDB3075C17 /* CDVDevice.m */,
				7BCB3AF2656B474286B205E8 /* CDVDevice.h */,
				C58B5344405D4F6DB8E3065C /* CDVCompass.m */,
				0EA810EA5A9E4B7ABECC2CFA /* CDVCompass.h */,
				7F8A20C7BEEE48FF830946BC /* CDVInAppBrowser.m */,
				23853879D9844BDDBC5F0371 /* CDVInAppBrowserOptions.m */,
				2266C0C831374B279DC5F746 /* CDVInAppBrowserNavigationController.m */,
				BB3A8C4D41794B638BC1FC9E /* CDVUIInAppBrowser.m */,
				2A72356A28FA476987681250 /* CDVWKInAppBrowser.m */,
				5A946C5C3954472B8718A1F5 /* CDVWKInAppBrowserUIDelegate.m */,
				44E1671D92E146CD8ED92717 /* CDVInAppBrowser.h */,
				8212643A112E473EA7A7E338 /* CDVInAppBrowserOptions.h */,
				5F3EF8BA8A294B268CD64169 /* CDVInAppBrowserNavigationController.h */,
				65E6B7CD5E874738B7EA10AC /* CDVUIInAppBrowser.h */,
				407B8BF32EF544F49B03B626 /* CDVWKInAppBrowser.h */,
				B3B9B02F3D5740C1B7E79DDB /* CDVWKInAppBrowserUIDelegate.h */,
				02A97519B5844604925C1BF1 /* CDVIonicKeyboard.m */,
				36B62B9F33F74A948536009A /* CDVIonicKeyboard.h */,
				D8476F09CA134AAB8935E209 /* CDVWKWebViewEngine.m */,
				23BF38F947A6481CBDB2154F /* CDVWKWebViewUIDelegate.m */,
				D8EA7AE4A5894153ACCB8CAF /* CDVWKProcessPoolFactory.m */,
				B1BAA74241114CFCBE9DC831 /* IONAssetHandler.m */,
				BF1045DD18834DD391B1D09A /* CDVWKWebViewEngine.h */,
				46B27839524E42459FEBDFC0 /* CDVWKWebViewUIDelegate.h */,
				0B74E0A7518B49439D0D654B /* CDVWKProcessPoolFactory.h */,
				1DFD4B40D7EE4D0384C4BFD0 /* IONAssetHandler.h */,
				03DEE4E303D74A5E87E140C2 /* CDVConnection.m */,
				4A9F4C8990F343E4BDAEE417 /* CDVReachability.m */,
				C5083FBAB4FB4B3C990926E3 /* CDVConnection.h */,
				6DB7E6F36A58488D90F27319 /* CDVReachability.h */,
				6188A7EAD66F433F88C18DA5 /* CDVOrientation.m */,
				60C0F62C1CCB4A7A814C174B /* CDVOrientation.h */,
				A3A8A4FCC13C4D9EBD767A6E /* CDVSplashScreen.m */,
				D4BEA80E48EC4C6DBB13A924 /* CDVViewController+SplashScreen.m */,
				E553B2D848C2410690418C83 /* CDVSplashScreen.h */,
				B9AA538085E94EA2BC44CB67 /* CDVViewController+SplashScreen.h */,
				BCC32CE9517A4FB4960F2782 /* CDVStatusBar.m */,
				B0F3A41F38B94078957A19C5 /* CDVStatusBar.h */,
				038F8E36C7D94F31A3FE7004 /* Toast+UIView.m */,
				7F11468C020F4DB7AE296A13 /* Toast.m */,
				1CE5FED722DF44E1BD95C5D1 /* Toast+UIView.h */,
				9845B98A4C8349F397991797 /* Toast.h */,
				341212C599D84CA19219F16C /* SQLitePlugin.m */,
				D73D659F1A1B4305AF56978A /* CustomPSPDFThreadSafeMutableDictionary.m */,
				8AFFF2037E3E42FFBFADEDB4 /* sqlite3.c */,
				95C5F7B1A5DD4F24BC203069 /* SQLitePlugin.h */,
				EE24339FA6A544EB9A6FA575 /* sqlite3.h */,
				C309EA5916894BA687ED78F6 /* UserAgent.m */,
				6CA7FD62E0FD499A8061276C /* UserAgent.h */,
			);
			name = Plugins;
			path = NewAgeAlpha/Plugins;
			sourceTree = SOURCE_ROOT;
		};
		EB87FDF11871DA420020F90C /* Staging */ = {
			isa = PBXGroup;
			children = (
				F840E1F0165FE0F500CFE078 /* config.xml */,
				301BF56E109A69640062928A /* www */,
			);
			name = Staging;
			sourceTree = "<group>";
		};
/* End PBXGroup section */

/* Begin PBXNativeTarget section */
		1D6058900D05DD3D006BFB54 /* NewAgeAlpha */ = {
			isa = PBXNativeTarget;
			buildConfigurationList = 1D6058960D05DD3E006BFB54 /* Build configuration list for PBXNativeTarget "NewAgeAlpha" */;
			buildPhases = (
				304B58A110DAC018002A0835 /* Copy www directory */,
				1D60588D0D05DD3D006BFB54 /* Resources */,
				1D60588E0D05DD3D006BFB54 /* Sources */,
				1D60588F0D05DD3D006BFB54 /* Frameworks */,
			);
			buildRules = (
			);
			dependencies = (
				301BF551109A68C00062928A /* PBXTargetDependency */,
			);
			name = NewAgeAlpha;
			productName = NewAgeAlpha;
			productReference = 1D6058910D05DD3D006BFB54 /* NewAgeAlpha.app */;
			productType = "com.apple.product-type.application";
		};
/* End PBXNativeTarget section */

/* Begin PBXProject section */
		29B97313FDCFA39411CA2CEA /* Project object */ = {
			isa = PBXProject;
			attributes = {
				LastUpgradeCheck = 510;
				TargetAttributes = {
					1D6058900D05DD3D006BFB54 = {
						DevelopmentTeam = HV96YPZFUF;
						ProvisioningStyle = Automatic;
					};
				};
			};
			buildConfigurationList = C01FCF4E08A954540054247B /* Build configuration list for PBXProject "NewAgeAlpha" */;
			compatibilityVersion = "Xcode 3.2";
			developmentRegion = English;
			hasScannedForEncodings = 1;
			knownRegions = (
				English,
				en,
				Base,
			);
			mainGroup = 29B97314FDCFA39411CA2CEA /* CustomTemplate */;
			projectDirPath = "";
			projectReferences = (
				{
					ProductGroup = 301BF52E109A57CC0062928A /* Products */;
					ProjectRef = 301BF52D109A57CC0062928A /* CordovaLib.xcodeproj */;
				},
			);
			projectRoot = "";
			targets = (
				1D6058900D05DD3D006BFB54 /* NewAgeAlpha */,
			);
		};
/* End PBXProject section */

/* Begin PBXReferenceProxy section */
		301BF535109A57CC0062928A /* libCordova.a */ = {
			isa = PBXReferenceProxy;
			fileType = archive.ar;
			path = libCordova.a;
			remoteRef = 301BF534109A57CC0062928A /* PBXContainerItemProxy */;
			sourceTree = BUILT_PRODUCTS_DIR;
		};
		907D8124214C687600058A10 /* Cordova.framework */ = {
			isa = PBXReferenceProxy;
			fileType = wrapper.framework;
			path = Cordova.framework;
			remoteRef = 907D8123214C687600058A10 /* PBXContainerItemProxy */;
			sourceTree = BUILT_PRODUCTS_DIR;
		};
/* End PBXReferenceProxy section */

/* Begin PBXResourcesBuildPhase section */
		1D60588D0D05DD3D006BFB54 /* Resources */ = {
			isa = PBXResourcesBuildPhase;
			buildActionMask = 2147483647;
			files = (
				302D95F214D2391D003F00A1 /* MainViewController.xib in Resources */,
				0207DA581B56EA530066E2B4 /* Images.xcassets in Resources */,
				6AFF5BF91D6E424B00AB3073 /* CDVLaunchScreen.storyboard in Resources */,
			);
			runOnlyForDeploymentPostprocessing = 0;
		};
/* End PBXResourcesBuildPhase section */

/* Begin PBXShellScriptBuildPhase section */
		304B58A110DAC018002A0835 /* Copy www directory */ = {
			isa = PBXShellScriptBuildPhase;
			buildActionMask = 2147483647;
			files = (
			);
			inputPaths = (
			);
			name = "Copy www directory";
			outputPaths = (
			);
			runOnlyForDeploymentPostprocessing = 0;
			shellPath = /bin/sh;
			shellScript = "\"$SRCROOT/NewAgeAlpha/Scripts/copy-www-build-step.sh\"";
			showEnvVarsInLog = 0;
		};
/* End PBXShellScriptBuildPhase section */

/* Begin PBXSourcesBuildPhase section */
		1D60588E0D05DD3D006BFB54 /* Sources */ = {
			isa = PBXSourcesBuildPhase;
			buildActionMask = 2147483647;
			files = (
				1D60589B0D05DD56006BFB54 /* main.m in Sources */,
				1D3623260D0F684500981E51 /* AppDelegate.m in Sources */,
				302D95F114D2391D003F00A1 /* MainViewController.m in Sources */,
				0469791C19054FE9BFF5FBBB /* PhotoViewer.m in Sources */,
				3E8A1305BB4049C4ABD1D50C /* CDVFile.m in Sources */,
				013D94021828499B8530D149 /* CDVLocalFilesystem.m in Sources */,
				CFE573C3279249AEAF8765C7 /* CDVAssetLibraryFilesystem.m in Sources */,
				48CE32C85C22498F86BAF78B /* CordovaHttpPlugin.m in Sources */,
				1CF4F69473D94463A6A46903 /* BinaryResponseSerializer.m in Sources */,
				B0E2663D14E04296ACCB7737 /* TextResponseSerializer.m in Sources */,
				5BF850BAB0664436B5F5B8C1 /* TextRequestSerializer.m in Sources */,
				4F04F824DB534FB0B69E3089 /* AFHTTPSessionManager.m in Sources */,
				C97D29CC1DE14116B12BB548 /* AFNetworkReachabilityManager.m in Sources */,
				043B66C8304F4D66A3B2D070 /* AFSecurityPolicy.m in Sources */,
				79FD6D597D5F4D589F1A5A8F /* AFURLRequestSerialization.m in Sources */,
				23D11FD169154B3BA928CE4E /* AFURLResponseSerialization.m in Sources */,
				0FD0CEAA7D0D45548E140929 /* AFURLSessionManager.m in Sources */,
				6A099C9E04CA43A098263B3F /* SDNetworkActivityIndicator.m in Sources */,
				C61D4231415241C9B988C020 /* AppVersion.m in Sources */,
				A1B7B2AAECBF44BC839A28A5 /* CDVDevice.m in Sources */,
				4985866C94FB41209CB765AF /* CDVCompass.m in Sources */,
				0F75643D60FA4B6491920209 /* CDVInAppBrowser.m in Sources */,
				9B369676E25140C58A22F32C /* CDVInAppBrowserOptions.m in Sources */,
				2937ABEC0D5F4CDDAF9017F8 /* CDVInAppBrowserNavigationController.m in Sources */,
				7F743B408D95466A86A5540D /* CDVUIInAppBrowser.m in Sources */,
				A07EAA41237D466EA061C535 /* CDVWKInAppBrowser.m in Sources */,
				12D9D8C1C7B04759BCB49DCE /* CDVWKInAppBrowserUIDelegate.m in Sources */,
				3994DB40DB034F4C97E31378 /* CDVIonicKeyboard.m in Sources */,
				B1ADA585F7C2446BAFEE0F3F /* CDVWKWebViewEngine.m in Sources */,
				AAD41823F59A408DACCFE09E /* CDVWKWebViewUIDelegate.m in Sources */,
				B3359F4B0348443E9F2F852C /* CDVWKProcessPoolFactory.m in Sources */,
				451D59F598A7486D847E515F /* IONAssetHandler.m in Sources */,
				A59707336BE3447A8AD0938D /* CDVConnection.m in Sources */,
				6BDF96E2C2194BAE88B26657 /* CDVReachability.m in Sources */,
				65093409E2844BEFB3E595FF /* CDVOrientation.m in Sources */,
				A89108C19CDA410BA268E493 /* CDVSplashScreen.m in Sources */,
				F0762222D99F46F0B0325B9E /* CDVViewController+SplashScreen.m in Sources */,
				6AF79642EEA5476788AC7690 /* CDVStatusBar.m in Sources */,
				248D5C017D0942C2B651C703 /* Toast+UIView.m in Sources */,
				225FF5ABD4C346EB9F393A86 /* Toast.m in Sources */,
				1EFED38080094F7C999E231C /* SQLitePlugin.m in Sources */,
				FA7F4A7E58D7418CACEEF352 /* CustomPSPDFThreadSafeMutableDictionary.m in Sources */,
				C8C7359AFC3F4442B892AE53 /* sqlite3.c in Sources */,
				1A7955AE9ACE456A945E4D3A /* UserAgent.m in Sources */,
			);
			runOnlyForDeploymentPostprocessing = 0;
		};
/* End PBXSourcesBuildPhase section */

/* Begin PBXTargetDependency section */
		301BF551109A68C00062928A /* PBXTargetDependency */ = {
			isa = PBXTargetDependency;
			name = CordovaLib;
			targetProxy = 301BF550109A68C00062928A /* PBXContainerItemProxy */;
		};
/* End PBXTargetDependency section */

/* Begin XCBuildConfiguration section */
		1D6058940D05DD3E006BFB54 /* Debug */ = {
			isa = XCBuildConfiguration;
			baseConfigurationReference = 3047A50F1AB8059700498E2A /* build-debug.xcconfig */;
			buildSettings = {
				ALWAYS_SEARCH_USER_PATHS = NO;
				ASSETCATALOG_COMPILER_APPICON_NAME = AppIcon;
				ASSETCATALOG_COMPILER_LAUNCHIMAGE_NAME = LaunchImage;
				CLANG_ENABLE_MODULES = YES;
				CLANG_ENABLE_OBJC_ARC = YES;
				CODE_SIGN_IDENTITY = "Apple Development";
				CODE_SIGN_STYLE = Automatic;
				COPY_PHASE_STRIP = NO;
				DEVELOPMENT_TEAM = HV96YPZFUF;
				GCC_DYNAMIC_NO_PIC = NO;
				GCC_OPTIMIZATION_LEVEL = 0;
				GCC_PRECOMPILE_PREFIX_HEADER = YES;
				GCC_PREFIX_HEADER = "NewAgeAlpha/NewAgeAlpha-Prefix.pch";
				GCC_THUMB_SUPPORT = NO;
				GCC_VERSION = "";
				INFOPLIST_FILE = "NewAgeAlpha/NewAgeAlpha-Info.plist";
				IPHONEOS_DEPLOYMENT_TARGET = 11.0;
				LD_RUNPATH_SEARCH_PATHS = "@executable_path/Frameworks";
				PRODUCT_BUNDLE_IDENTIFIER = com.app.newagealpha;
				PRODUCT_NAME = "$(TARGET_NAME)";
				PROVISIONING_PROFILE_SPECIFIER = "";
				TARGETED_DEVICE_FAMILY = 1;
			};
			name = Debug;
		};
		1D6058950D05DD3E006BFB54 /* Release */ = {
			isa = XCBuildConfiguration;
			baseConfigurationReference = 3047A5101AB8059700498E2A /* build-release.xcconfig */;
			buildSettings = {
				ALWAYS_SEARCH_USER_PATHS = NO;
				ASSETCATALOG_COMPILER_APPICON_NAME = AppIcon;
				ASSETCATALOG_COMPILER_LAUNCHIMAGE_NAME = LaunchImage;
				CLANG_ENABLE_MODULES = YES;
				CLANG_ENABLE_OBJC_ARC = YES;
				CODE_SIGN_IDENTITY = "Apple Development";
				CODE_SIGN_STYLE = Automatic;
				COPY_PHASE_STRIP = YES;
				DEVELOPMENT_TEAM = HV96YPZFUF;
				GCC_PRECOMPILE_PREFIX_HEADER = YES;
				GCC_PREFIX_HEADER = "NewAgeAlpha/NewAgeAlpha-Prefix.pch";
				GCC_THUMB_SUPPORT = NO;
				GCC_VERSION = "";
				INFOPLIST_FILE = "NewAgeAlpha/NewAgeAlpha-Info.plist";
				IPHONEOS_DEPLOYMENT_TARGET = 11.0;
				LD_RUNPATH_SEARCH_PATHS = "@executable_path/Frameworks";
				PRODUCT_BUNDLE_IDENTIFIER = com.app.newagealpha;
				PRODUCT_NAME = "$(TARGET_NAME)";
				PROVISIONING_PROFILE_SPECIFIER = "";
				TARGETED_DEVICE_FAMILY = 1;
			};
			name = Release;
		};
		C01FCF4F08A954540054247B /* Debug */ = {
			isa = XCBuildConfiguration;
			baseConfigurationReference = 3047A5111AB8059700498E2A /* build.xcconfig */;
			buildSettings = {
				CLANG_ENABLE_MODULES = YES;
				CLANG_ENABLE_OBJC_ARC = YES;
				CLANG_WARN_BLOCK_CAPTURE_AUTORELEASING = YES;
				CLANG_WARN_BOOL_CONVERSION = YES;
				CLANG_WARN_COMMA = YES;
				CLANG_WARN_CONSTANT_CONVERSION = YES;
				CLANG_WARN_DEPRECATED_OBJC_IMPLEMENTATIONS = YES;
				CLANG_WARN_EMPTY_BODY = YES;
				CLANG_WARN_ENUM_CONVERSION = YES;
				CLANG_WARN_INFINITE_RECURSION = YES;
				CLANG_WARN_INT_CONVERSION = YES;
				CLANG_WARN_NON_LITERAL_NULL_CONVERSION = YES;
				CLANG_WARN_OBJC_IMPLICIT_RETAIN_SELF = YES;
				CLANG_WARN_OBJC_LITERAL_CONVERSION = YES;
				CLANG_WARN_RANGE_LOOP_ANALYSIS = YES;
				CLANG_WARN_STRICT_PROTOTYPES = YES;
				CLANG_WARN_SUSPICIOUS_MOVE = YES;
				CLANG_WARN_UNREACHABLE_CODE = YES;
				CLANG_WARN__DUPLICATE_METHOD_MATCH = YES;
				ENABLE_STRICT_OBJC_MSGSEND = YES;
				ENABLE_TESTABILITY = YES;
				GCC_C_LANGUAGE_STANDARD = c99;
				GCC_NO_COMMON_BLOCKS = YES;
				GCC_THUMB_SUPPORT = NO;
				GCC_VERSION = "";
				GCC_WARN_64_TO_32_BIT_CONVERSION = YES;
				GCC_WARN_ABOUT_RETURN_TYPE = YES;
				GCC_WARN_UNDECLARED_SELECTOR = YES;
				GCC_WARN_UNINITIALIZED_AUTOS = YES;
				GCC_WARN_UNUSED_FUNCTION = YES;
				GCC_WARN_UNUSED_VARIABLE = YES;
				IPHONEOS_DEPLOYMENT_TARGET = 11.0;
				ONLY_ACTIVE_ARCH = YES;
				PRODUCT_BUNDLE_IDENTIFIER = com.app.newagealpha;
				SDKROOT = iphoneos;
				SKIP_INSTALL = NO;
				WK_WEB_VIEW_ONLY = 0;
			};
			name = Debug;
		};
		C01FCF5008A954540054247B /* Release */ = {
			isa = XCBuildConfiguration;
			baseConfigurationReference = 3047A5111AB8059700498E2A /* build.xcconfig */;
			buildSettings = {
				CLANG_ENABLE_MODULES = YES;
				CLANG_ENABLE_OBJC_ARC = YES;
				CLANG_WARN_BLOCK_CAPTURE_AUTORELEASING = YES;
				CLANG_WARN_BOOL_CONVERSION = YES;
				CLANG_WARN_COMMA = YES;
				CLANG_WARN_CONSTANT_CONVERSION = YES;
				CLANG_WARN_DEPRECATED_OBJC_IMPLEMENTATIONS = YES;
				CLANG_WARN_EMPTY_BODY = YES;
				CLANG_WARN_ENUM_CONVERSION = YES;
				CLANG_WARN_INFINITE_RECURSION = YES;
				CLANG_WARN_INT_CONVERSION = YES;
				CLANG_WARN_NON_LITERAL_NULL_CONVERSION = YES;
				CLANG_WARN_OBJC_IMPLICIT_RETAIN_SELF = YES;
				CLANG_WARN_OBJC_LITERAL_CONVERSION = YES;
				CLANG_WARN_RANGE_LOOP_ANALYSIS = YES;
				CLANG_WARN_STRICT_PROTOTYPES = YES;
				CLANG_WARN_SUSPICIOUS_MOVE = YES;
				CLANG_WARN_UNREACHABLE_CODE = YES;
				CLANG_WARN__DUPLICATE_METHOD_MATCH = YES;
				ENABLE_STRICT_OBJC_MSGSEND = YES;
				GCC_C_LANGUAGE_STANDARD = c99;
				GCC_NO_COMMON_BLOCKS = YES;
				GCC_THUMB_SUPPORT = NO;
				GCC_VERSION = "";
				GCC_WARN_64_TO_32_BIT_CONVERSION = YES;
				GCC_WARN_ABOUT_RETURN_TYPE = YES;
				GCC_WARN_UNDECLARED_SELECTOR = YES;
				GCC_WARN_UNINITIALIZED_AUTOS = YES;
				GCC_WARN_UNUSED_FUNCTION = YES;
				GCC_WARN_UNUSED_VARIABLE = YES;
				IPHONEOS_DEPLOYMENT_TARGET = 11.0;
				PRODUCT_BUNDLE_IDENTIFIER = com.app.newagealpha;
				SDKROOT = iphoneos;
				SKIP_INSTALL = NO;
				WK_WEB_VIEW_ONLY = 0;
			};
			name = Release;
		};
/* End XCBuildConfiguration section */

/* Begin XCConfigurationList section */
		1D6058960D05DD3E006BFB54 /* Build configuration list for PBXNativeTarget "NewAgeAlpha" */ = {
			isa = XCConfigurationList;
			buildConfigurations = (
				1D6058940D05DD3E006BFB54 /* Debug */,
				1D6058950D05DD3E006BFB54 /* Release */,
			);
			defaultConfigurationIsVisible = 0;
			defaultConfigurationName = Release;
		};
		C01FCF4E08A954540054247B /* Build configuration list for PBXProject "NewAgeAlpha" */ = {
			isa = XCConfigurationList;
			buildConfigurations = (
				C01FCF4F08A954540054247B /* Debug */,
				C01FCF5008A954540054247B /* Release */,
			);
			defaultConfigurationIsVisible = 0;
			defaultConfigurationName = Release;
		};
/* End XCConfigurationList section */
	};
	rootObject = 29B97313FDCFA39411CA2CEA /* Project object */;
}
