// !$*UTF8*$!
{
	archiveVersion = 1;
	classes = {
	};
	objectVersion = 46;
	objects = {

/* Begin PBXBuildFile section */
		0207DA581B56EA530066E2B4 /* Images.xcassets in Resources */ = {isa = PBXBuildFile; fileRef = 0207DA571B56EA530066E2B4 /* Images.xcassets */; };
		1D3623260D0F684500981E51 /* AppDelegate.m in Sources */ = {isa = PBXBuildFile; fileRef = 1D3623250D0F684500981E51 /* AppDelegate.m */; };
		1D60589B0D05DD56006BFB54 /* main.m in Sources */ = {isa = PBXBuildFile; fileRef = 29B97316FDCFA39411CA2CEA /* main.m */; };
		301BF552109A68D80062928A /* libCordova.a in Frameworks */ = {isa = PBXBuildFile; fileRef = 301BF535109A57CC0062928A /* libCordova.a */; settings = {ATTRIBUTES = (Required, ); }; };
		302D95F114D2391D003F00A1 /* MainViewController.m in Sources */ = {isa = PBXBuildFile; fileRef = 302D95EF14D2391D003F00A1 /* MainViewController.m */; };
		302D95F214D2391D003F00A1 /* MainViewController.xib in Resources */ = {isa = PBXBuildFile; fileRef = 302D95F014D2391D003F00A1 /* MainViewController.xib */; };
		6AFF5BF91D6E424B00AB3073 /* CDVLaunchScreen.storyboard in Resources */ = {isa = PBXBuildFile; fileRef = 6AFF5BF81D6E424B00AB3073 /* CDVLaunchScreen.storyboard */; };
		F06C9CDEF52F411185BD56FF /* CDVStatusBar.m in Sources */ = {isa = PBXBuildFile; fileRef = 5EEE57EC48984CFF9E09A203 /* CDVStatusBar.m */; };
		F4382BBCDF7F45C59C768A50 /* CDVDevice.m in Sources */ = {isa = PBXBuildFile; fileRef = 288F6CEEFD5B450B88D782C9 /* CDVDevice.m */; };
		B6ED8555956F4406B2AADC6B /* CDVSplashScreen.m in Sources */ = {isa = PBXBuildFile; fileRef = F8FFFFB752A24F72BC8B226D /* CDVSplashScreen.m */; };
		B99B1BCADC324ED19EE9556F /* CDVViewController+SplashScreen.m in Sources */ = {isa = PBXBuildFile; fileRef = 0A9670CAF3DD4EC9853D4187 /* CDVViewController+SplashScreen.m */; };
		BB008FBE4EA14650B1C20201 /* CDVIonicKeyboard.m in Sources */ = {isa = PBXBuildFile; fileRef = 88C42582BD554ACBA94F54D5 /* CDVIonicKeyboard.m */; };
		E9831E82E518438CA1943C68 /* CDVInAppBrowserOptions.m in Sources */ = {isa = PBXBuildFile; fileRef = 5AC078DDDBF7489F82B7A17F /* CDVInAppBrowserOptions.m */; };
		02B0756A473D462BB8EA73AB /* CDVInAppBrowserNavigationController.m in Sources */ = {isa = PBXBuildFile; fileRef = 84A7B0D77AD84BAFA6BDA1E1 /* CDVInAppBrowserNavigationController.m */; };
		95C071A306B4400A81B4ACED /* CDVWKInAppBrowser.m in Sources */ = {isa = PBXBuildFile; fileRef = 2801915E1D6544D4BBF5584C /* CDVWKInAppBrowser.m */; };
		667C8A61CF2E496EA8B86DF3 /* CDVWKInAppBrowserUIDelegate.m in Sources */ = {isa = PBXBuildFile; fileRef = 541A0498FAC54552BA917854 /* CDVWKInAppBrowserUIDelegate.m */; };
		A6E3B01943134569AB7F8871 /* CDVFile.m in Sources */ = {isa = PBXBuildFile; fileRef = F5E77D9F192C477BBF26C898 /* CDVFile.m */; };
		A772165512BE4FA3BBAD8590 /* CDVLocalFilesystem.m in Sources */ = {isa = PBXBuildFile; fileRef = 96826654947941E39BAB23B9 /* CDVLocalFilesystem.m */; };
		2B27B85FF1A740289CFB71C6 /* CDVAssetLibraryFilesystem.m in Sources */ = {isa = PBXBuildFile; fileRef = C3C6C5D0440F4EE4B53DEA80 /* CDVAssetLibraryFilesystem.m */; };
		87886D43C3604364A5C54C24 /* CordovaHttpPlugin.m in Sources */ = {isa = PBXBuildFile; fileRef = F667AE0044264E8A9F91B4A9 /* CordovaHttpPlugin.m */; };
		6384BF68021343ECA524E242 /* BinaryRequestSerializer.m in Sources */ = {isa = PBXBuildFile; fileRef = 006707E435B548CA8E2C9060 /* BinaryRequestSerializer.m */; };
		F958A56C2E61443FAEE9779D /* BinaryResponseSerializer.m in Sources */ = {isa = PBXBuildFile; fileRef = F440A2B71D1245F09C1780E5 /* BinaryResponseSerializer.m */; };
		F5D2F9C8081E4954AAB45748 /* TextResponseSerializer.m in Sources */ = {isa = PBXBuildFile; fileRef = 0B5F74423FB94DC08B00847B /* TextResponseSerializer.m */; };
		8D5CF9A509C741A4848BA75E /* TextRequestSerializer.m in Sources */ = {isa = PBXBuildFile; fileRef = 4564BAB062DA42B7B9CB3476 /* TextRequestSerializer.m */; };
		4D26A576DD134776B9C3215A /* AFHTTPSessionManager.m in Sources */ = {isa = PBXBuildFile; fileRef = E6DA51F3F6C04ADF93D3FEEB /* AFHTTPSessionManager.m */; };
		C0D3356599A44F97B4B40571 /* AFNetworkReachabilityManager.m in Sources */ = {isa = PBXBuildFile; fileRef = 928E11700D404F2F96CB46C8 /* AFNetworkReachabilityManager.m */; };
		3381996C49B84B349A52B20F /* AFSecurityPolicy.m in Sources */ = {isa = PBXBuildFile; fileRef = 6272E5CCC9004B67B065B316 /* AFSecurityPolicy.m */; };
		11F5ED5E86434EFD91BDE76F /* AFURLRequestSerialization.m in Sources */ = {isa = PBXBuildFile; fileRef = 8CA87B77244E482A8188C626 /* AFURLRequestSerialization.m */; };
		AA30B3E5D18749008D6393B2 /* AFURLResponseSerialization.m in Sources */ = {isa = PBXBuildFile; fileRef = 701B6129E58745A9ACB27302 /* AFURLResponseSerialization.m */; };
		516605CDB3224BBE81C948B9 /* AFURLSessionManager.m in Sources */ = {isa = PBXBuildFile; fileRef = 06B3705CF582491DA28A7270 /* AFURLSessionManager.m */; };
		EEDE662074B44F7DA91A7F10 /* SDNetworkActivityIndicator.m in Sources */ = {isa = PBXBuildFile; fileRef = A7652A03C4CF45D4B212558C /* SDNetworkActivityIndicator.m */; };
		FE80E1DC34B0458DBDE03EE5 /* Security.framework in Frameworks */ = {isa = PBXBuildFile; fileRef = B9617D2CCD544D85BF7459D3 /* Security.framework */; };
		BAF4FE6383A441198D0ABCA0 /* SystemConfiguration.framework in Frameworks */ = {isa = PBXBuildFile; fileRef = 60E3CEDFC1EE4BCF913E533C /* SystemConfiguration.framework */; };
		B7D9D09D403F46C0A3818708 /* SQLitePlugin.m in Sources */ = {isa = PBXBuildFile; fileRef = C53279F93F864067B6708DAC /* SQLitePlugin.m */; };
		8637A0AB8CD94E8A80459DCB /* CustomPSPDFThreadSafeMutableDictionary.m in Sources */ = {isa = PBXBuildFile; fileRef = 2C2111583FB341729A784320 /* CustomPSPDFThreadSafeMutableDictionary.m */; settings = {COMPILER_FLAGS = "-w"; }; };
		19C953835CC9440FB04DDD17 /* sqlite3.c in Resources */ = {isa = PBXBuildFile; fileRef = AA4C8E7AE28B4D16B9B65B6E /* sqlite3.c */; settings = {COMPILER_FLAGS = "-w -DSQLITE_THREADSAFE=1 -DSQLITE_DEFAULT_SYNCHRONOUS=3 -DSQLITE_DEFAULT_MEMSTATUS=0 -DSQLITE_OMIT_DECLTYPE -DSQLITE_OMIT_DEPRECATED -DSQLITE_OMIT_PROGRESS_CALLBACK -DSQLITE_OMIT_SHARED_CACHE -DSQLITE_TEMP_STORE=2 -DSQLITE_OMIT_LOAD_EXTENSION -DSQLITE_ENABLE_FTS3 -DSQLITE_ENABLE_FTS3_PARENTHESIS -DSQLITE_ENABLE_FTS4 -DSQLITE_ENABLE_RTREE -DSQLITE_DEFAULT_PAGE_SIZE=4096"; }; };
		B3562C3F59A746BD836622B7 /* CDVOrientation.m in Sources */ = {isa = PBXBuildFile; fileRef = 79261E4167604BE0B0EBFAB2 /* CDVOrientation.m */; };
		63DFE7DFAF8E42A98DA1C8C4 /* CDVConnection.m in Sources */ = {isa = PBXBuildFile; fileRef = D3C1B0148A2343DCAA3863F3 /* CDVConnection.m */; };
		FB11BE5FFAA94CD9A613AFE1 /* CDVReachability.m in Sources */ = {isa = PBXBuildFile; fileRef = E1C0C804053D46FFA71B9D1C /* CDVReachability.m */; };
		8367433DC126424CB1E2FD47 /* CoreTelephony.framework in Frameworks */ = {isa = PBXBuildFile; fileRef = 03D2C77A00FC4333BBAA4A37 /* CoreTelephony.framework */; };
		9E79646284A747FCB1DF9D42 /* CDVCompass.m in Sources */ = {isa = PBXBuildFile; fileRef = D06225AB2B954A1FA58ED793 /* CDVCompass.m */; };
		0543A9C7FD49441FABFF07AD /* CoreLocation.framework in Frameworks */ = {isa = PBXBuildFile; fileRef = E51571E3FB9641369FD1A433 /* CoreLocation.framework */; };
		0C107B961A214C2A93B498C5 /* Toast+UIView.m in Sources */ = {isa = PBXBuildFile; fileRef = E03C4A062C034DB29B913311 /* Toast+UIView.m */; };
		5988B815D05844ABBCA92CBC /* Toast.m in Sources */ = {isa = PBXBuildFile; fileRef = 9A184BB7A20545D19395C827 /* Toast.m */; };
		A082A720CB7E4B2C875750F4 /* QuartzCore.framework in Frameworks */ = {isa = PBXBuildFile; fileRef = 2A5B07F53F144A1A89573B03 /* QuartzCore.framework */; };
		D81A6AB163DD4BCC849563B3 /* PhotoViewer.m in Sources */ = {isa = PBXBuildFile; fileRef = 1F83FB8A8C6F4017914A3159 /* PhotoViewer.m */; };
		CC7B121F9327477FBEE313AB /* AppVersion.m in Sources */ = {isa = PBXBuildFile; fileRef = F178C1C3D8DA43468272D570 /* AppVersion.m */; };
		989490B45D054BB0B85993BF /* CDVWKWebViewEngine.m in Sources */ = {isa = PBXBuildFile; fileRef = 69E2827AC98B4B90BE8151D7 /* CDVWKWebViewEngine.m */; };
		8CD2E1FFC226474F94E2B80C /* CDVWKWebViewUIDelegate.m in Sources */ = {isa = PBXBuildFile; fileRef = D81A8BDEC5894AE4B4B059B6 /* CDVWKWebViewUIDelegate.m */; };
		EA64118CC1A94031A6DC81A9 /* CDVWKProcessPoolFactory.m in Sources */ = {isa = PBXBuildFile; fileRef = 641B9C189E8C4CFD9EA897CE /* CDVWKProcessPoolFactory.m */; };
		5D34C4166955421EB11ED6F9 /* IONAssetHandler.m in Sources */ = {isa = PBXBuildFile; fileRef = 26B5994CBEEE4987BBD5FD06 /* IONAssetHandler.m */; };
		1EF0D3CB73F442638D6A02FA /* WebKit.framework in Frameworks */ = {isa = PBXBuildFile; fileRef = C5CC704A76EC4D16A06A3BE8 /* WebKit.framework */; settings = {ATTRIBUTES = (Weak, ); }; };
		5563CCAF6C1343B3B3F494E9 /* UserAgent.m in Sources */ = {isa = PBXBuildFile; fileRef = C6646E5002204EE5A189D022 /* UserAgent.m */; };
/* End PBXBuildFile section */

/* Begin PBXContainerItemProxy section */
		301BF534109A57CC0062928A /* PBXContainerItemProxy */ = {
			isa = PBXContainerItemProxy;
			containerPortal = 301BF52D109A57CC0062928A /* CordovaLib.xcodeproj */;
			proxyType = 2;
			remoteGlobalIDString = D2AAC07E0554694100DB518D;
			remoteInfo = CordovaLib;
		};
		301BF550109A68C00062928A /* PBXContainerItemProxy */ = {
			isa = PBXContainerItemProxy;
			containerPortal = 301BF52D109A57CC0062928A /* CordovaLib.xcodeproj */;
			proxyType = 1;
			remoteGlobalIDString = D2AAC07D0554694100DB518D;
			remoteInfo = CordovaLib;
		};
		907D8123214C687600058A10 /* PBXContainerItemProxy */ = {
			isa = PBXContainerItemProxy;
			containerPortal = 301BF52D109A57CC0062928A /* CordovaLib.xcodeproj */;
			proxyType = 2;
			remoteGlobalIDString = C0C01EB21E3911D50056E6CB;
			remoteInfo = Cordova;
		};
/* End PBXContainerItemProxy section */

/* Begin PBXFileReference section */
		0207DA571B56EA530066E2B4 /* Images.xcassets */ = {isa = PBXFileReference; lastKnownFileType = folder.assetcatalog; name = Images.xcassets; path = "NewAgeAlpha/Images.xcassets"; sourceTree = SOURCE_ROOT; };
		1D3623240D0F684500981E51 /* AppDelegate.h */ = {isa = PBXFileReference; fileEncoding = 4; lastKnownFileType = sourcecode.c.h; path = AppDelegate.h; sourceTree = "<group>"; };
		1D3623250D0F684500981E51 /* AppDelegate.m */ = {isa = PBXFileReference; fileEncoding = 4; lastKnownFileType = sourcecode.c.objc; path = AppDelegate.m; sourceTree = "<group>"; };
		1D6058910D05DD3D006BFB54 /* NewAgeAlpha.app */ = {isa = PBXFileReference; explicitFileType = wrapper.application; includeInIndex = 0; path = "NewAgeAlpha.app"; sourceTree = BUILT_PRODUCTS_DIR; };
		29B97316FDCFA39411CA2CEA /* main.m */ = {isa = PBXFileReference; fileEncoding = 4; lastKnownFileType = sourcecode.c.objc; path = main.m; sourceTree = "<group>"; };
		301BF52D109A57CC0062928A /* CordovaLib.xcodeproj */ = {isa = PBXFileReference; lastKnownFileType = "wrapper.pb-project"; name = CordovaLib.xcodeproj; path = CordovaLib/CordovaLib.xcodeproj; sourceTree = "<group>"; };
		301BF56E109A69640062928A /* www */ = {isa = PBXFileReference; lastKnownFileType = folder; path = www; sourceTree = SOURCE_ROOT; };
		302D95EE14D2391D003F00A1 /* MainViewController.h */ = {isa = PBXFileReference; fileEncoding = 4; lastKnownFileType = sourcecode.c.h; path = MainViewController.h; sourceTree = "<group>"; };
		302D95EF14D2391D003F00A1 /* MainViewController.m */ = {isa = PBXFileReference; fileEncoding = 4; lastKnownFileType = sourcecode.c.objc; path = MainViewController.m; sourceTree = "<group>"; };
		302D95F014D2391D003F00A1 /* MainViewController.xib */ = {isa = PBXFileReference; fileEncoding = 4; lastKnownFileType = file.xib; path = MainViewController.xib; sourceTree = "<group>"; };
		3047A50F1AB8059700498E2A /* build-debug.xcconfig */ = {isa = PBXFileReference; fileEncoding = 4; lastKnownFileType = text.xcconfig; name = "build-debug.xcconfig"; path = "cordova/build-debug.xcconfig"; sourceTree = SOURCE_ROOT; };
		3047A5101AB8059700498E2A /* build-release.xcconfig */ = {isa = PBXFileReference; fileEncoding = 4; lastKnownFileType = text.xcconfig; name = "build-release.xcconfig"; path = "cordova/build-release.xcconfig"; sourceTree = SOURCE_ROOT; };
		3047A5111AB8059700498E2A /* build.xcconfig */ = {isa = PBXFileReference; fileEncoding = 4; lastKnownFileType = text.xcconfig; name = build.xcconfig; path = cordova/build.xcconfig; sourceTree = SOURCE_ROOT; };
		32CA4F630368D1EE00C91783 /* NewAgeAlpha-Prefix.pch */ = {isa = PBXFileReference; fileEncoding = 4; lastKnownFileType = sourcecode.c.h; path = "NewAgeAlpha-Prefix.pch"; sourceTree = "<group>"; };
		6AFF5BF81D6E424B00AB3073 /* CDVLaunchScreen.storyboard */ = {isa = PBXFileReference; fileEncoding = 4; lastKnownFileType = file.storyboard; name = CDVLaunchScreen.storyboard; path = "NewAgeAlpha/CDVLaunchScreen.storyboard"; sourceTree = SOURCE_ROOT; };
		8D1107310486CEB800E47090 /* NewAgeAlpha-Info.plist */ = {isa = PBXFileReference; fileEncoding = 4; lastKnownFileType = text.plist.xml; name = "NewAgeAlpha-Info.plist"; path = "NewAgeAlpha/NewAgeAlpha-Info.plist"; plistStructureDefinitionIdentifier = "com.apple.xcode.plist.structure-definition.iphone.info-plist"; sourceTree = SOURCE_ROOT; };
		EB87FDF31871DA8E0020F90C /* www */ = {isa = PBXFileReference; lastKnownFileType = folder; name = www; path = ../../www; sourceTree = "<group>"; };
		EB87FDF41871DAF40020F90C /* config.xml */ = {isa = PBXFileReference; lastKnownFileType = text.xml; name = config.xml; path = ../../config.xml; sourceTree = "<group>"; };
		ED33DF2A687741AEAF9F8254 /* Bridging-Header.h */ = {isa = PBXFileReference; fileEncoding = 4; lastKnownFileType = sourcecode.c.h; name = "Bridging-Header.h"; path = "Bridging-Header.h"; sourceTree = "<group>"; };
		F840E1F0165FE0F500CFE078 /* config.xml */ = {isa = PBXFileReference; lastKnownFileType = text.xml; name = config.xml; path = "NewAgeAlpha/config.xml"; sourceTree = "<group>"; };
		5EEE57EC48984CFF9E09A203 /* CDVStatusBar.m */ = {isa = PBXFileReference; name = "CDVStatusBar.m"; path = "cordova-plugin-statusbar/CDVStatusBar.m"; sourceTree = "<group>"; fileEncoding = 4; lastKnownFileType = sourcecode.c.objc; explicitFileType = undefined; includeInIndex = 0; };
		24766CB23B4648EF82284EC7 /* CDVStatusBar.h */ = {isa = PBXFileReference; name = "CDVStatusBar.h"; path = "cordova-plugin-statusbar/CDVStatusBar.h"; sourceTree = "<group>"; fileEncoding = 4; lastKnownFileType = sourcecode.c.h; explicitFileType = undefined; includeInIndex = 0; };
		288F6CEEFD5B450B88D782C9 /* CDVDevice.m */ = {isa = PBXFileReference; name = "CDVDevice.m"; path = "cordova-plugin-device/CDVDevice.m"; sourceTree = "<group>"; fileEncoding = 4; lastKnownFileType = sourcecode.c.objc; explicitFileType = undefined; includeInIndex = 0; };
		F57FA49CF4B34654B837391A /* CDVDevice.h */ = {isa = PBXFileReference; name = "CDVDevice.h"; path = "cordova-plugin-device/CDVDevice.h"; sourceTree = "<group>"; fileEncoding = 4; lastKnownFileType = sourcecode.c.h; explicitFileType = undefined; includeInIndex = 0; };
		F8FFFFB752A24F72BC8B226D /* CDVSplashScreen.m */ = {isa = PBXFileReference; name = "CDVSplashScreen.m"; path = "cordova-plugin-splashscreen/CDVSplashScreen.m"; sourceTree = "<group>"; fileEncoding = 4; lastKnownFileType = sourcecode.c.objc; explicitFileType = undefined; includeInIndex = 0; };
		0A9670CAF3DD4EC9853D4187 /* CDVViewController+SplashScreen.m */ = {isa = PBXFileReference; name = "CDVViewController+SplashScreen.m"; path = "cordova-plugin-splashscreen/CDVViewController+SplashScreen.m"; sourceTree = "<group>"; fileEncoding = 4; lastKnownFileType = sourcecode.c.objc; explicitFileType = undefined; includeInIndex = 0; };
		579EEB8CC7D64713BCABB361 /* CDVSplashScreen.h */ = {isa = PBXFileReference; name = "CDVSplashScreen.h"; path = "cordova-plugin-splashscreen/CDVSplashScreen.h"; sourceTree = "<group>"; fileEncoding = 4; lastKnownFileType = sourcecode.c.h; explicitFileType = undefined; includeInIndex = 0; };
		F14B96ECA65C4EBABA195194 /* CDVViewController+SplashScreen.h */ = {isa = PBXFileReference; name = "CDVViewController+SplashScreen.h"; path = "cordova-plugin-splashscreen/CDVViewController+SplashScreen.h"; sourceTree = "<group>"; fileEncoding = 4; lastKnownFileType = sourcecode.c.h; explicitFileType = undefined; includeInIndex = 0; };
		88C42582BD554ACBA94F54D5 /* CDVIonicKeyboard.m */ = {isa = PBXFileReference; name = "CDVIonicKeyboard.m"; path = "cordova-plugin-ionic-keyboard/CDVIonicKeyboard.m"; sourceTree = "<group>"; fileEncoding = 4; lastKnownFileType = sourcecode.c.objc; explicitFileType = undefined; includeInIndex = 0; };
		451A3A5162624890A9B6A959 /* CDVIonicKeyboard.h */ = {isa = PBXFileReference; name = "CDVIonicKeyboard.h"; path = "cordova-plugin-ionic-keyboard/CDVIonicKeyboard.h"; sourceTree = "<group>"; fileEncoding = 4; lastKnownFileType = sourcecode.c.h; explicitFileType = undefined; includeInIndex = 0; };
		5AC078DDDBF7489F82B7A17F /* CDVInAppBrowserOptions.m */ = {isa = PBXFileReference; name = "CDVInAppBrowserOptions.m"; path = "cordova-plugin-inappbrowser/CDVInAppBrowserOptions.m"; sourceTree = "<group>"; fileEncoding = 4; lastKnownFileType = sourcecode.c.objc; explicitFileType = undefined; includeInIndex = 0; };
		84A7B0D77AD84BAFA6BDA1E1 /* CDVInAppBrowserNavigationController.m */ = {isa = PBXFileReference; name = "CDVInAppBrowserNavigationController.m"; path = "cordova-plugin-inappbrowser/CDVInAppBrowserNavigationController.m"; sourceTree = "<group>"; fileEncoding = 4; lastKnownFileType = sourcecode.c.objc; explicitFileType = undefined; includeInIndex = 0; };
		2801915E1D6544D4BBF5584C /* CDVWKInAppBrowser.m */ = {isa = PBXFileReference; name = "CDVWKInAppBrowser.m"; path = "cordova-plugin-inappbrowser/CDVWKInAppBrowser.m"; sourceTree = "<group>"; fileEncoding = 4; lastKnownFileType = sourcecode.c.objc; explicitFileType = undefined; includeInIndex = 0; };
		541A0498FAC54552BA917854 /* CDVWKInAppBrowserUIDelegate.m */ = {isa = PBXFileReference; name = "CDVWKInAppBrowserUIDelegate.m"; path = "cordova-plugin-inappbrowser/CDVWKInAppBrowserUIDelegate.m"; sourceTree = "<group>"; fileEncoding = 4; lastKnownFileType = sourcecode.c.objc; explicitFileType = undefined; includeInIndex = 0; };
		3296C5462F8C48FF9ACF86AA /* CDVInAppBrowserOptions.h */ = {isa = PBXFileReference; name = "CDVInAppBrowserOptions.h"; path = "cordova-plugin-inappbrowser/CDVInAppBrowserOptions.h"; sourceTree = "<group>"; fileEncoding = 4; lastKnownFileType = sourcecode.c.h; explicitFileType = undefined; includeInIndex = 0; };
		FEB7083867F746B8AE3D3E61 /* CDVInAppBrowserNavigationController.h */ = {isa = PBXFileReference; name = "CDVInAppBrowserNavigationController.h"; path = "cordova-plugin-inappbrowser/CDVInAppBrowserNavigationController.h"; sourceTree = "<group>"; fileEncoding = 4; lastKnownFileType = sourcecode.c.h; explicitFileType = undefined; includeInIndex = 0; };
		5EECBB778D484F7583F223FF /* CDVWKInAppBrowser.h */ = {isa = PBXFileReference; name = "CDVWKInAppBrowser.h"; path = "cordova-plugin-inappbrowser/CDVWKInAppBrowser.h"; sourceTree = "<group>"; fileEncoding = 4; lastKnownFileType = sourcecode.c.h; explicitFileType = undefined; includeInIndex = 0; };
		1BD5D8802AAA4570A1FD64C9 /* CDVWKInAppBrowserUIDelegate.h */ = {isa = PBXFileReference; name = "CDVWKInAppBrowserUIDelegate.h"; path = "cordova-plugin-inappbrowser/CDVWKInAppBrowserUIDelegate.h"; sourceTree = "<group>"; fileEncoding = 4; lastKnownFileType = sourcecode.c.h; explicitFileType = undefined; includeInIndex = 0; };
		F5E77D9F192C477BBF26C898 /* CDVFile.m */ = {isa = PBXFileReference; name = "CDVFile.m"; path = "cordova-plugin-file/CDVFile.m"; sourceTree = "<group>"; fileEncoding = 4; lastKnownFileType = sourcecode.c.objc; explicitFileType = undefined; includeInIndex = 0; };
		96826654947941E39BAB23B9 /* CDVLocalFilesystem.m */ = {isa = PBXFileReference; name = "CDVLocalFilesystem.m"; path = "cordova-plugin-file/CDVLocalFilesystem.m"; sourceTree = "<group>"; fileEncoding = 4; lastKnownFileType = sourcecode.c.objc; explicitFileType = undefined; includeInIndex = 0; };
		C3C6C5D0440F4EE4B53DEA80 /* CDVAssetLibraryFilesystem.m */ = {isa = PBXFileReference; name = "CDVAssetLibraryFilesystem.m"; path = "cordova-plugin-file/CDVAssetLibraryFilesystem.m"; sourceTree = "<group>"; fileEncoding = 4; lastKnownFileType = sourcecode.c.objc; explicitFileType = undefined; includeInIndex = 0; };
		5D68BDC5531C4897A80D5B9A /* CDVFile.h */ = {isa = PBXFileReference; name = "CDVFile.h"; path = "cordova-plugin-file/CDVFile.h"; sourceTree = "<group>"; fileEncoding = 4; lastKnownFileType = sourcecode.c.h; explicitFileType = undefined; includeInIndex = 0; };
		EFAFF08A500B46C6A1B6C867 /* CDVLocalFilesystem.h */ = {isa = PBXFileReference; name = "CDVLocalFilesystem.h"; path = "cordova-plugin-file/CDVLocalFilesystem.h"; sourceTree = "<group>"; fileEncoding = 4; lastKnownFileType = sourcecode.c.h; explicitFileType = undefined; includeInIndex = 0; };
		3F555B4536704141B4183109 /* CDVAssetLibraryFilesystem.h */ = {isa = PBXFileReference; name = "CDVAssetLibraryFilesystem.h"; path = "cordova-plugin-file/CDVAssetLibraryFilesystem.h"; sourceTree = "<group>"; fileEncoding = 4; lastKnownFileType = sourcecode.c.h; explicitFileType = undefined; includeInIndex = 0; };
		F667AE0044264E8A9F91B4A9 /* CordovaHttpPlugin.m */ = {isa = PBXFileReference; name = "CordovaHttpPlugin.m"; path = "cordova-plugin-advanced-http/CordovaHttpPlugin.m"; sourceTree = "<group>"; fileEncoding = 4; lastKnownFileType = sourcecode.c.objc; explicitFileType = undefined; includeInIndex = 0; };
		006707E435B548CA8E2C9060 /* BinaryRequestSerializer.m */ = {isa = PBXFileReference; name = "BinaryRequestSerializer.m"; path = "cordova-plugin-advanced-http/BinaryRequestSerializer.m"; sourceTree = "<group>"; fileEncoding = 4; lastKnownFileType = sourcecode.c.objc; explicitFileType = undefined; includeInIndex = 0; };
		F440A2B71D1245F09C1780E5 /* BinaryResponseSerializer.m */ = {isa = PBXFileReference; name = "BinaryResponseSerializer.m"; path = "cordova-plugin-advanced-http/BinaryResponseSerializer.m"; sourceTree = "<group>"; fileEncoding = 4; lastKnownFileType = sourcecode.c.objc; explicitFileType = undefined; includeInIndex = 0; };
		0B5F74423FB94DC08B00847B /* TextResponseSerializer.m */ = {isa = PBXFileReference; name = "TextResponseSerializer.m"; path = "cordova-plugin-advanced-http/TextResponseSerializer.m"; sourceTree = "<group>"; fileEncoding = 4; lastKnownFileType = sourcecode.c.objc; explicitFileType = undefined; includeInIndex = 0; };
		4564BAB062DA42B7B9CB3476 /* TextRequestSerializer.m */ = {isa = PBXFileReference; name = "TextRequestSerializer.m"; path = "cordova-plugin-advanced-http/TextRequestSerializer.m"; sourceTree = "<group>"; fileEncoding = 4; lastKnownFileType = sourcecode.c.objc; explicitFileType = undefined; includeInIndex = 0; };
		E6DA51F3F6C04ADF93D3FEEB /* AFHTTPSessionManager.m */ = {isa = PBXFileReference; name = "AFHTTPSessionManager.m"; path = "cordova-plugin-advanced-http/AFHTTPSessionManager.m"; sourceTree = "<group>"; fileEncoding = 4; lastKnownFileType = sourcecode.c.objc; explicitFileType = undefined; includeInIndex = 0; };
		928E11700D404F2F96CB46C8 /* AFNetworkReachabilityManager.m */ = {isa = PBXFileReference; name = "AFNetworkReachabilityManager.m"; path = "cordova-plugin-advanced-http/AFNetworkReachabilityManager.m"; sourceTree = "<group>"; fileEncoding = 4; lastKnownFileType = sourcecode.c.objc; explicitFileType = undefined; includeInIndex = 0; };
		6272E5CCC9004B67B065B316 /* AFSecurityPolicy.m */ = {isa = PBXFileReference; name = "AFSecurityPolicy.m"; path = "cordova-plugin-advanced-http/AFSecurityPolicy.m"; sourceTree = "<group>"; fileEncoding = 4; lastKnownFileType = sourcecode.c.objc; explicitFileType = undefined; includeInIndex = 0; };
		8CA87B77244E482A8188C626 /* AFURLRequestSerialization.m */ = {isa = PBXFileReference; name = "AFURLRequestSerialization.m"; path = "cordova-plugin-advanced-http/AFURLRequestSerialization.m"; sourceTree = "<group>"; fileEncoding = 4; lastKnownFileType = sourcecode.c.objc; explicitFileType = undefined; includeInIndex = 0; };
		701B6129E58745A9ACB27302 /* AFURLResponseSerialization.m */ = {isa = PBXFileReference; name = "AFURLResponseSerialization.m"; path = "cordova-plugin-advanced-http/AFURLResponseSerialization.m"; sourceTree = "<group>"; fileEncoding = 4; lastKnownFileType = sourcecode.c.objc; explicitFileType = undefined; includeInIndex = 0; };
		06B3705CF582491DA28A7270 /* AFURLSessionManager.m */ = {isa = PBXFileReference; name = "AFURLSessionManager.m"; path = "cordova-plugin-advanced-http/AFURLSessionManager.m"; sourceTree = "<group>"; fileEncoding = 4; lastKnownFileType = sourcecode.c.objc; explicitFileType = undefined; includeInIndex = 0; };
		A7652A03C4CF45D4B212558C /* SDNetworkActivityIndicator.m */ = {isa = PBXFileReference; name = "SDNetworkActivityIndicator.m"; path = "cordova-plugin-advanced-http/SDNetworkActivityIndicator.m"; sourceTree = "<group>"; fileEncoding = 4; lastKnownFileType = sourcecode.c.objc; explicitFileType = undefined; includeInIndex = 0; };
		79C412F5C0B6463AB851BDD3 /* CordovaHttpPlugin.h */ = {isa = PBXFileReference; name = "CordovaHttpPlugin.h"; path = "cordova-plugin-advanced-http/CordovaHttpPlugin.h"; sourceTree = "<group>"; fileEncoding = 4; lastKnownFileType = sourcecode.c.h; explicitFileType = undefined; includeInIndex = 0; };
		65EA5B12082340D289BB8C59 /* BinaryRequestSerializer.h */ = {isa = PBXFileReference; name = "BinaryRequestSerializer.h"; path = "cordova-plugin-advanced-http/BinaryRequestSerializer.h"; sourceTree = "<group>"; fileEncoding = 4; lastKnownFileType = sourcecode.c.h; explicitFileType = undefined; includeInIndex = 0; };
		F35E1DE250664481B150961C /* BinaryResponseSerializer.h */ = {isa = PBXFileReference; name = "BinaryResponseSerializer.h"; path = "cordova-plugin-advanced-http/BinaryResponseSerializer.h"; sourceTree = "<group>"; fileEncoding = 4; lastKnownFileType = sourcecode.c.h; explicitFileType = undefined; includeInIndex = 0; };
		85E29F6CF9684F50982E89BA /* TextResponseSerializer.h */ = {isa = PBXFileReference; name = "TextResponseSerializer.h"; path = "cordova-plugin-advanced-http/TextResponseSerializer.h"; sourceTree = "<group>"; fileEncoding = 4; lastKnownFileType = sourcecode.c.h; explicitFileType = undefined; includeInIndex = 0; };
		E0C14A119A3B4A2789637F6E /* TextRequestSerializer.h */ = {isa = PBXFileReference; name = "TextRequestSerializer.h"; path = "cordova-plugin-advanced-http/TextRequestSerializer.h"; sourceTree = "<group>"; fileEncoding = 4; lastKnownFileType = sourcecode.c.h; explicitFileType = undefined; includeInIndex = 0; };
		3C018A20D0964629814EEA40 /* AFHTTPSessionManager.h */ = {isa = PBXFileReference; name = "AFHTTPSessionManager.h"; path = "cordova-plugin-advanced-http/AFHTTPSessionManager.h"; sourceTree = "<group>"; fileEncoding = 4; lastKnownFileType = sourcecode.c.h; explicitFileType = undefined; includeInIndex = 0; };
		0DDAF7177A5847C491E97C36 /* AFNetworking.h */ = {isa = PBXFileReference; name = "AFNetworking.h"; path = "cordova-plugin-advanced-http/AFNetworking.h"; sourceTree = "<group>"; fileEncoding = 4; lastKnownFileType = sourcecode.c.h; explicitFileType = undefined; includeInIndex = 0; };
		483CC21ED8294C12A7557D6E /* AFNetworkReachabilityManager.h */ = {isa = PBXFileReference; name = "AFNetworkReachabilityManager.h"; path = "cordova-plugin-advanced-http/AFNetworkReachabilityManager.h"; sourceTree = "<group>"; fileEncoding = 4; lastKnownFileType = sourcecode.c.h; explicitFileType = undefined; includeInIndex = 0; };
		DC46111195684EA18F1160C8 /* AFSecurityPolicy.h */ = {isa = PBXFileReference; name = "AFSecurityPolicy.h"; path = "cordova-plugin-advanced-http/AFSecurityPolicy.h"; sourceTree = "<group>"; fileEncoding = 4; lastKnownFileType = sourcecode.c.h; explicitFileType = undefined; includeInIndex = 0; };
		4C41E5EA973D435FA98B3ABD /* AFURLRequestSerialization.h */ = {isa = PBXFileReference; name = "AFURLRequestSerialization.h"; path = "cordova-plugin-advanced-http/AFURLRequestSerialization.h"; sourceTree = "<group>"; fileEncoding = 4; lastKnownFileType = sourcecode.c.h; explicitFileType = undefined; includeInIndex = 0; };
		781C53C155C64E939653FB1F /* AFURLResponseSerialization.h */ = {isa = PBXFileReference; name = "AFURLResponseSerialization.h"; path = "cordova-plugin-advanced-http/AFURLResponseSerialization.h"; sourceTree = "<group>"; fileEncoding = 4; lastKnownFileType = sourcecode.c.h; explicitFileType = undefined; includeInIndex = 0; };
		05E3B8A397BD43069E07CCC5 /* AFURLSessionManager.h */ = {isa = PBXFileReference; name = "AFURLSessionManager.h"; path = "cordova-plugin-advanced-http/AFURLSessionManager.h"; sourceTree = "<group>"; fileEncoding = 4; lastKnownFileType = sourcecode.c.h; explicitFileType = undefined; includeInIndex = 0; };
		DDB0891C2723453DAC5308BC /* SDNetworkActivityIndicator.h */ = {isa = PBXFileReference; name = "SDNetworkActivityIndicator.h"; path = "cordova-plugin-advanced-http/SDNetworkActivityIndicator.h"; sourceTree = "<group>"; fileEncoding = 4; lastKnownFileType = sourcecode.c.h; explicitFileType = undefined; includeInIndex = 0; };
		B9617D2CCD544D85BF7459D3 /* Security.framework */ = {isa = PBXFileReference; name = "Security.framework"; path = "System/Library/Frameworks/Security.framework"; sourceTree = SDKROOT; fileEncoding = undefined; lastKnownFileType = wrapper.framework; explicitFileType = undefined; includeInIndex = 0; };
		60E3CEDFC1EE4BCF913E533C /* SystemConfiguration.framework */ = {isa = PBXFileReference; name = "SystemConfiguration.framework"; path = "System/Library/Frameworks/SystemConfiguration.framework"; sourceTree = SDKROOT; fileEncoding = undefined; lastKnownFileType = wrapper.framework; explicitFileType = undefined; includeInIndex = 0; };
		C53279F93F864067B6708DAC /* SQLitePlugin.m */ = {isa = PBXFileReference; name = "SQLitePlugin.m"; path = "cordova-sqlite-storage/SQLitePlugin.m"; sourceTree = "<group>"; fileEncoding = 4; lastKnownFileType = sourcecode.c.objc; explicitFileType = undefined; includeInIndex = 0; };
		2C2111583FB341729A784320 /* CustomPSPDFThreadSafeMutableDictionary.m */ = {isa = PBXFileReference; name = "CustomPSPDFThreadSafeMutableDictionary.m"; path = "cordova-sqlite-storage/CustomPSPDFThreadSafeMutableDictionary.m"; sourceTree = "<group>"; fileEncoding = 4; lastKnownFileType = sourcecode.c.objc; explicitFileType = undefined; includeInIndex = 0; };
		AA4C8E7AE28B4D16B9B65B6E /* sqlite3.c */ = {isa = PBXFileReference; name = "sqlite3.c"; path = "cordova-sqlite-storage/sqlite3.c"; sourceTree = "<group>"; fileEncoding = undefined; lastKnownFileType = unknown; explicitFileType = undefined; includeInIndex = 0; };
		70F6175BA4E44C93A5A0B1F0 /* SQLitePlugin.h */ = {isa = PBXFileReference; name = "SQLitePlugin.h"; path = "cordova-sqlite-storage/SQLitePlugin.h"; sourceTree = "<group>"; fileEncoding = 4; lastKnownFileType = sourcecode.c.h; explicitFileType = undefined; includeInIndex = 0; };
		426B5AAAE9A5453BBBDF7181 /* sqlite3.h */ = {isa = PBXFileReference; name = "sqlite3.h"; path = "cordova-sqlite-storage/sqlite3.h"; sourceTree = "<group>"; fileEncoding = 4; lastKnownFileType = sourcecode.c.h; explicitFileType = undefined; includeInIndex = 0; };
		79261E4167604BE0B0EBFAB2 /* CDVOrientation.m */ = {isa = PBXFileReference; name = "CDVOrientation.m"; path = "cordova-plugin-screen-orientation/CDVOrientation.m"; sourceTree = "<group>"; fileEncoding = 4; lastKnownFileType = sourcecode.c.objc; explicitFileType = undefined; includeInIndex = 0; };
		088DE9A90D44412FB4FB8DD4 /* CDVOrientation.h */ = {isa = PBXFileReference; name = "CDVOrientation.h"; path = "cordova-plugin-screen-orientation/CDVOrientation.h"; sourceTree = "<group>"; fileEncoding = 4; lastKnownFileType = sourcecode.c.h; explicitFileType = undefined; includeInIndex = 0; };
		D3C1B0148A2343DCAA3863F3 /* CDVConnection.m */ = {isa = PBXFileReference; name = "CDVConnection.m"; path = "cordova-plugin-network-information/CDVConnection.m"; sourceTree = "<group>"; fileEncoding = 4; lastKnownFileType = sourcecode.c.objc; explicitFileType = undefined; includeInIndex = 0; };
		E1C0C804053D46FFA71B9D1C /* CDVReachability.m */ = {isa = PBXFileReference; name = "CDVReachability.m"; path = "cordova-plugin-network-information/CDVReachability.m"; sourceTree = "<group>"; fileEncoding = 4; lastKnownFileType = sourcecode.c.objc; explicitFileType = undefined; includeInIndex = 0; };
		D5AA427392964C2F94FEF041 /* CDVConnection.h */ = {isa = PBXFileReference; name = "CDVConnection.h"; path = "cordova-plugin-network-information/CDVConnection.h"; sourceTree = "<group>"; fileEncoding = 4; lastKnownFileType = sourcecode.c.h; explicitFileType = undefined; includeInIndex = 0; };
		B55FF8FC131E4E44A3B9640D /* CDVReachability.h */ = {isa = PBXFileReference; name = "CDVReachability.h"; path = "cordova-plugin-network-information/CDVReachability.h"; sourceTree = "<group>"; fileEncoding = 4; lastKnownFileType = sourcecode.c.h; explicitFileType = undefined; includeInIndex = 0; };
		03D2C77A00FC4333BBAA4A37 /* CoreTelephony.framework */ = {isa = PBXFileReference; name = "CoreTelephony.framework"; path = "System/Library/Frameworks/CoreTelephony.framework"; sourceTree = SDKROOT; fileEncoding = undefined; lastKnownFileType = wrapper.framework; explicitFileType = undefined; includeInIndex = 0; };
		D06225AB2B954A1FA58ED793 /* CDVCompass.m */ = {isa = PBXFileReference; name = "CDVCompass.m"; path = "cordova-plugin-device-orientation/CDVCompass.m"; sourceTree = "<group>"; fileEncoding = 4; lastKnownFileType = sourcecode.c.objc; explicitFileType = undefined; includeInIndex = 0; };
		D900034996574CCCB6BA3FBB /* CDVCompass.h */ = {isa = PBXFileReference; name = "CDVCompass.h"; path = "cordova-plugin-device-orientation/CDVCompass.h"; sourceTree = "<group>"; fileEncoding = 4; lastKnownFileType = sourcecode.c.h; explicitFileType = undefined; includeInIndex = 0; };
		E51571E3FB9641369FD1A433 /* CoreLocation.framework */ = {isa = PBXFileReference; name = "CoreLocation.framework"; path = "System/Library/Frameworks/CoreLocation.framework"; sourceTree = SDKROOT; fileEncoding = undefined; lastKnownFileType = wrapper.framework; explicitFileType = undefined; includeInIndex = 0; };
		E03C4A062C034DB29B913311 /* Toast+UIView.m */ = {isa = PBXFileReference; name = "Toast+UIView.m"; path = "cordova-plugin-x-toast/Toast+UIView.m"; sourceTree = "<group>"; fileEncoding = 4; lastKnownFileType = sourcecode.c.objc; explicitFileType = undefined; includeInIndex = 0; };
		9A184BB7A20545D19395C827 /* Toast.m */ = {isa = PBXFileReference; name = "Toast.m"; path = "cordova-plugin-x-toast/Toast.m"; sourceTree = "<group>"; fileEncoding = 4; lastKnownFileType = sourcecode.c.objc; explicitFileType = undefined; includeInIndex = 0; };
		52EC62986A354268AFEDD408 /* Toast+UIView.h */ = {isa = PBXFileReference; name = "Toast+UIView.h"; path = "cordova-plugin-x-toast/Toast+UIView.h"; sourceTree = "<group>"; fileEncoding = 4; lastKnownFileType = sourcecode.c.h; explicitFileType = undefined; includeInIndex = 0; };
		A01C4F0686994D9B9A2CE2C5 /* Toast.h */ = {isa = PBXFileReference; name = "Toast.h"; path = "cordova-plugin-x-toast/Toast.h"; sourceTree = "<group>"; fileEncoding = 4; lastKnownFileType = sourcecode.c.h; explicitFileType = undefined; includeInIndex = 0; };
		2A5B07F53F144A1A89573B03 /* QuartzCore.framework */ = {isa = PBXFileReference; name = "QuartzCore.framework"; path = "System/Library/Frameworks/QuartzCore.framework"; sourceTree = SDKROOT; fileEncoding = undefined; lastKnownFileType = wrapper.framework; explicitFileType = undefined; includeInIndex = 0; };
		1F83FB8A8C6F4017914A3159 /* PhotoViewer.m */ = {isa = PBXFileReference; name = "PhotoViewer.m"; path = "com-sarriaroman-photoviewer/PhotoViewer.m"; sourceTree = "<group>"; fileEncoding = 4; lastKnownFileType = sourcecode.c.objc; explicitFileType = undefined; includeInIndex = 0; };
		F178C1C3D8DA43468272D570 /* AppVersion.m */ = {isa = PBXFileReference; name = "AppVersion.m"; path = "cordova-plugin-app-version/AppVersion.m"; sourceTree = "<group>"; fileEncoding = 4; lastKnownFileType = sourcecode.c.objc; explicitFileType = undefined; includeInIndex = 0; };
		4DB63EA414C24C1ABECC95BC /* AppVersion.h */ = {isa = PBXFileReference; name = "AppVersion.h"; path = "cordova-plugin-app-version/AppVersion.h"; sourceTree = "<group>"; fileEncoding = 4; lastKnownFileType = sourcecode.c.h; explicitFileType = undefined; includeInIndex = 0; };
		69E2827AC98B4B90BE8151D7 /* CDVWKWebViewEngine.m */ = {isa = PBXFileReference; name = "CDVWKWebViewEngine.m"; path = "cordova-plugin-ionic-webview/CDVWKWebViewEngine.m"; sourceTree = "<group>"; fileEncoding = 4; lastKnownFileType = sourcecode.c.objc; explicitFileType = undefined; includeInIndex = 0; };
		D81A8BDEC5894AE4B4B059B6 /* CDVWKWebViewUIDelegate.m */ = {isa = PBXFileReference; name = "CDVWKWebViewUIDelegate.m"; path = "cordova-plugin-ionic-webview/CDVWKWebViewUIDelegate.m"; sourceTree = "<group>"; fileEncoding = 4; lastKnownFileType = sourcecode.c.objc; explicitFileType = undefined; includeInIndex = 0; };
		641B9C189E8C4CFD9EA897CE /* CDVWKProcessPoolFactory.m */ = {isa = PBXFileReference; name = "CDVWKProcessPoolFactory.m"; path = "cordova-plugin-ionic-webview/CDVWKProcessPoolFactory.m"; sourceTree = "<group>"; fileEncoding = 4; lastKnownFileType = sourcecode.c.objc; explicitFileType = undefined; includeInIndex = 0; };
		26B5994CBEEE4987BBD5FD06 /* IONAssetHandler.m */ = {isa = PBXFileReference; name = "IONAssetHandler.m"; path = "cordova-plugin-ionic-webview/IONAssetHandler.m"; sourceTree = "<group>"; fileEncoding = 4; lastKnownFileType = sourcecode.c.objc; explicitFileType = undefined; includeInIndex = 0; };
		1611444D14BD40048DD2130F /* CDVWKWebViewEngine.h */ = {isa = PBXFileReference; name = "CDVWKWebViewEngine.h"; path = "cordova-plugin-ionic-webview/CDVWKWebViewEngine.h"; sourceTree = "<group>"; fileEncoding = 4; lastKnownFileType = sourcecode.c.h; explicitFileType = undefined; includeInIndex = 0; };
		B53ECA29E6BA47D78865A2B5 /* CDVWKWebViewUIDelegate.h */ = {isa = PBXFileReference; name = "CDVWKWebViewUIDelegate.h"; path = "cordova-plugin-ionic-webview/CDVWKWebViewUIDelegate.h"; sourceTree = "<group>"; fileEncoding = 4; lastKnownFileType = sourcecode.c.h; explicitFileType = undefined; includeInIndex = 0; };
		BECCFFCF919B4E218EF3FC15 /* CDVWKProcessPoolFactory.h */ = {isa = PBXFileReference; name = "CDVWKProcessPoolFactory.h"; path = "cordova-plugin-ionic-webview/CDVWKProcessPoolFactory.h"; sourceTree = "<group>"; fileEncoding = 4; lastKnownFileType = sourcecode.c.h; explicitFileType = undefined; includeInIndex = 0; };
		C41260A7035041B4817E9FE9 /* IONAssetHandler.h */ = {isa = PBXFileReference; name = "IONAssetHandler.h"; path = "cordova-plugin-ionic-webview/IONAssetHandler.h"; sourceTree = "<group>"; fileEncoding = 4; lastKnownFileType = sourcecode.c.h; explicitFileType = undefined; includeInIndex = 0; };
		C5CC704A76EC4D16A06A3BE8 /* WebKit.framework */ = {isa = PBXFileReference; name = "WebKit.framework"; path = "System/Library/Frameworks/WebKit.framework"; sourceTree = SDKROOT; fileEncoding = undefined; lastKnownFileType = wrapper.framework; explicitFileType = undefined; includeInIndex = 0; };
		C6646E5002204EE5A189D022 /* UserAgent.m */ = {isa = PBXFileReference; name = "UserAgent.m"; path = "im.ltdev.cordova.UserAgent/UserAgent.m"; sourceTree = "<group>"; fileEncoding = 4; lastKnownFileType = sourcecode.c.objc; explicitFileType = undefined; includeInIndex = 0; };
		4557889E9FEE414CB4DBCD59 /* UserAgent.h */ = {isa = PBXFileReference; name = "UserAgent.h"; path = "im.ltdev.cordova.UserAgent/UserAgent.h"; sourceTree = "<group>"; fileEncoding = 4; lastKnownFileType = sourcecode.c.h; explicitFileType = undefined; includeInIndex = 0; };
/* End PBXFileReference section */

/* Begin PBXFrameworksBuildPhase section */
		1D60588F0D05DD3D006BFB54 /* Frameworks */ = {
			isa = PBXFrameworksBuildPhase;
			buildActionMask = 2147483647;
			files = (
				301BF552109A68D80062928A /* libCordova.a in Frameworks */,
				FE80E1DC34B0458DBDE03EE5 /* Security.framework in Frameworks */,
				BAF4FE6383A441198D0ABCA0 /* SystemConfiguration.framework in Frameworks */,
				8367433DC126424CB1E2FD47 /* CoreTelephony.framework in Frameworks */,
				0543A9C7FD49441FABFF07AD /* CoreLocation.framework in Frameworks */,
				A082A720CB7E4B2C875750F4 /* QuartzCore.framework in Frameworks */,
				1EF0D3CB73F442638D6A02FA /* WebKit.framework in Frameworks */,
			);
			runOnlyForDeploymentPostprocessing = 0;
		};
/* End PBXFrameworksBuildPhase section */

/* Begin PBXGroup section */
		080E96DDFE201D6D7F000001 /* Classes */ = {
			isa = PBXGroup;
			children = (
				302D95EE14D2391D003F00A1 /* MainViewController.h */,
				302D95EF14D2391D003F00A1 /* MainViewController.m */,
				302D95F014D2391D003F00A1 /* MainViewController.xib */,
				1D3623240D0F684500981E51 /* AppDelegate.h */,
				1D3623250D0F684500981E51 /* AppDelegate.m */,
			);
			name = Classes;
			path = "NewAgeAlpha/Classes";
			sourceTree = SOURCE_ROOT;
		};
		19C28FACFE9D520D11CA2CBB /* Products */ = {
			isa = PBXGroup;
			children = (
				1D6058910D05DD3D006BFB54 /* NewAgeAlpha.app */,
			);
			name = Products;
			sourceTree = "<group>";
		};
		29B97314FDCFA39411CA2CEA /* CustomTemplate */ = {
			isa = PBXGroup;
			children = (
				EB87FDF41871DAF40020F90C /* config.xml */,
				EB87FDF31871DA8E0020F90C /* www */,
				EB87FDF11871DA420020F90C /* Staging */,
				301BF52D109A57CC0062928A /* CordovaLib.xcodeproj */,
				080E96DDFE201D6D7F000001 /* Classes */,
				307C750510C5A3420062BCA9 /* Plugins */,
				29B97315FDCFA39411CA2CEA /* Other Sources */,
				29B97317FDCFA39411CA2CEA /* Resources */,
				29B97323FDCFA39411CA2CEA /* Frameworks */,
				19C28FACFE9D520D11CA2CBB /* Products */,
			);
			name = CustomTemplate;
			sourceTree = "<group>";
		};
		29B97315FDCFA39411CA2CEA /* Other Sources */ = {
			isa = PBXGroup;
			children = (
				32CA4F630368D1EE00C91783 /* NewAgeAlpha-Prefix.pch */,
				29B97316FDCFA39411CA2CEA /* main.m */,
				ED33DF2A687741AEAF9F8254 /* Bridging-Header.h */,
			);
			name = "Other Sources";
			path = "NewAgeAlpha";
			sourceTree = "<group>";
		};
		29B97317FDCFA39411CA2CEA /* Resources */ = {
			isa = PBXGroup;
			children = (
				0207DA571B56EA530066E2B4 /* Images.xcassets */,
				3047A50E1AB8057F00498E2A /* config */,
				8D1107310486CEB800E47090 /* NewAgeAlpha-Info.plist */,
				6AFF5BF81D6E424B00AB3073 /* CDVLaunchScreen.storyboard */,
			);
			name = Resources;
			path = "NewAgeAlpha/Resources";
			sourceTree = "<group>";
		};
		29B97323FDCFA39411CA2CEA /* Frameworks */ = {
			isa = PBXGroup;
			children = (
				B9617D2CCD544D85BF7459D3 /* Security.framework */,
				60E3CEDFC1EE4BCF913E533C /* SystemConfiguration.framework */,
				03D2C77A00FC4333BBAA4A37 /* CoreTelephony.framework */,
				E51571E3FB9641369FD1A433 /* CoreLocation.framework */,
				2A5B07F53F144A1A89573B03 /* QuartzCore.framework */,
				C5CC704A76EC4D16A06A3BE8 /* WebKit.framework */,
			);
			name = Frameworks;
			sourceTree = "<group>";
		};
		301BF52E109A57CC0062928A /* Products */ = {
			isa = PBXGroup;
			children = (
				301BF535109A57CC0062928A /* libCordova.a */,
				907D8124214C687600058A10 /* Cordova.framework */,
			);
			name = Products;
			sourceTree = "<group>";
		};
		3047A50E1AB8057F00498E2A /* config */ = {
			isa = PBXGroup;
			children = (
				3047A50F1AB8059700498E2A /* build-debug.xcconfig */,
				3047A5101AB8059700498E2A /* build-release.xcconfig */,
				3047A5111AB8059700498E2A /* build.xcconfig */,
			);
			name = config;
			sourceTree = "<group>";
		};
		307C750510C5A3420062BCA9 /* Plugins */ = {
			isa = PBXGroup;
			children = (
				5EEE57EC48984CFF9E09A203 /* CDVStatusBar.m */,
				24766CB23B4648EF82284EC7 /* CDVStatusBar.h */,
				288F6CEEFD5B450B88D782C9 /* CDVDevice.m */,
				F57FA49CF4B34654B837391A /* CDVDevice.h */,
				F8FFFFB752A24F72BC8B226D /* CDVSplashScreen.m */,
				0A9670CAF3DD4EC9853D4187 /* CDVViewController+SplashScreen.m */,
				579EEB8CC7D64713BCABB361 /* CDVSplashScreen.h */,
				F14B96ECA65C4EBABA195194 /* CDVViewController+SplashScreen.h */,
				88C42582BD554ACBA94F54D5 /* CDVIonicKeyboard.m */,
				451A3A5162624890A9B6A959 /* CDVIonicKeyboard.h */,
				5AC078DDDBF7489F82B7A17F /* CDVInAppBrowserOptions.m */,
				84A7B0D77AD84BAFA6BDA1E1 /* CDVInAppBrowserNavigationController.m */,
				2801915E1D6544D4BBF5584C /* CDVWKInAppBrowser.m */,
				541A0498FAC54552BA917854 /* CDVWKInAppBrowserUIDelegate.m */,
				3296C5462F8C48FF9ACF86AA /* CDVInAppBrowserOptions.h */,
				FEB7083867F746B8AE3D3E61 /* CDVInAppBrowserNavigationController.h */,
				5EECBB778D484F7583F223FF /* CDVWKInAppBrowser.h */,
				1BD5D8802AAA4570A1FD64C9 /* CDVWKInAppBrowserUIDelegate.h */,
				F5E77D9F192C477BBF26C898 /* CDVFile.m */,
				96826654947941E39BAB23B9 /* CDVLocalFilesystem.m */,
				C3C6C5D0440F4EE4B53DEA80 /* CDVAssetLibraryFilesystem.m */,
				5D68BDC5531C4897A80D5B9A /* CDVFile.h */,
				EFAFF08A500B46C6A1B6C867 /* CDVLocalFilesystem.h */,
				3F555B4536704141B4183109 /* CDVAssetLibraryFilesystem.h */,
				F667AE0044264E8A9F91B4A9 /* CordovaHttpPlugin.m */,
				006707E435B548CA8E2C9060 /* BinaryRequestSerializer.m */,
				F440A2B71D1245F09C1780E5 /* BinaryResponseSerializer.m */,
				0B5F74423FB94DC08B00847B /* TextResponseSerializer.m */,
				4564BAB062DA42B7B9CB3476 /* TextRequestSerializer.m */,
				E6DA51F3F6C04ADF93D3FEEB /* AFHTTPSessionManager.m */,
				928E11700D404F2F96CB46C8 /* AFNetworkReachabilityManager.m */,
				6272E5CCC9004B67B065B316 /* AFSecurityPolicy.m */,
				8CA87B77244E482A8188C626 /* AFURLRequestSerialization.m */,
				701B6129E58745A9ACB27302 /* AFURLResponseSerialization.m */,
				06B3705CF582491DA28A7270 /* AFURLSessionManager.m */,
				A7652A03C4CF45D4B212558C /* SDNetworkActivityIndicator.m */,
				79C412F5C0B6463AB851BDD3 /* CordovaHttpPlugin.h */,
				65EA5B12082340D289BB8C59 /* BinaryRequestSerializer.h */,
				F35E1DE250664481B150961C /* BinaryResponseSerializer.h */,
				85E29F6CF9684F50982E89BA /* TextResponseSerializer.h */,
				E0C14A119A3B4A2789637F6E /* TextRequestSerializer.h */,
				3C018A20D0964629814EEA40 /* AFHTTPSessionManager.h */,
				0DDAF7177A5847C491E97C36 /* AFNetworking.h */,
				483CC21ED8294C12A7557D6E /* AFNetworkReachabilityManager.h */,
				DC46111195684EA18F1160C8 /* AFSecurityPolicy.h */,
				4C41E5EA973D435FA98B3ABD /* AFURLRequestSerialization.h */,
				781C53C155C64E939653FB1F /* AFURLResponseSerialization.h */,
				05E3B8A397BD43069E07CCC5 /* AFURLSessionManager.h */,
				DDB0891C2723453DAC5308BC /* SDNetworkActivityIndicator.h */,
				C53279F93F864067B6708DAC /* SQLitePlugin.m */,
				2C2111583FB341729A784320 /* CustomPSPDFThreadSafeMutableDictionary.m */,
				AA4C8E7AE28B4D16B9B65B6E /* sqlite3.c */,
				70F6175BA4E44C93A5A0B1F0 /* SQLitePlugin.h */,
				426B5AAAE9A5453BBBDF7181 /* sqlite3.h */,
				79261E4167604BE0B0EBFAB2 /* CDVOrientation.m */,
				088DE9A90D44412FB4FB8DD4 /* CDVOrientation.h */,
				D3C1B0148A2343DCAA3863F3 /* CDVConnection.m */,
				E1C0C804053D46FFA71B9D1C /* CDVReachability.m */,
				D5AA427392964C2F94FEF041 /* CDVConnection.h */,
				B55FF8FC131E4E44A3B9640D /* CDVReachability.h */,
				D06225AB2B954A1FA58ED793 /* CDVCompass.m */,
				D900034996574CCCB6BA3FBB /* CDVCompass.h */,
				E03C4A062C034DB29B913311 /* Toast+UIView.m */,
				9A184BB7A20545D19395C827 /* Toast.m */,
				52EC62986A354268AFEDD408 /* Toast+UIView.h */,
				A01C4F0686994D9B9A2CE2C5 /* Toast.h */,
				1F83FB8A8C6F4017914A3159 /* PhotoViewer.m */,
				F178C1C3D8DA43468272D570 /* AppVersion.m */,
				4DB63EA414C24C1ABECC95BC /* AppVersion.h */,
				69E2827AC98B4B90BE8151D7 /* CDVWKWebViewEngine.m */,
				D81A8BDEC5894AE4B4B059B6 /* CDVWKWebViewUIDelegate.m */,
				641B9C189E8C4CFD9EA897CE /* CDVWKProcessPoolFactory.m */,
				26B5994CBEEE4987BBD5FD06 /* IONAssetHandler.m */,
				1611444D14BD40048DD2130F /* CDVWKWebViewEngine.h */,
				B53ECA29E6BA47D78865A2B5 /* CDVWKWebViewUIDelegate.h */,
				BECCFFCF919B4E218EF3FC15 /* CDVWKProcessPoolFactory.h */,
				C41260A7035041B4817E9FE9 /* IONAssetHandler.h */,
				C6646E5002204EE5A189D022 /* UserAgent.m */,
				4557889E9FEE414CB4DBCD59 /* UserAgent.h */,
			);
			name = Plugins;
			path = "NewAgeAlpha/Plugins";
			sourceTree = SOURCE_ROOT;
		};
		EB87FDF11871DA420020F90C /* Staging */ = {
			isa = PBXGroup;
			children = (
				F840E1F0165FE0F500CFE078 /* config.xml */,
				301BF56E109A69640062928A /* www */,
			);
			name = Staging;
			sourceTree = "<group>";
		};
/* End PBXGroup section */

/* Begin PBXNativeTarget section */
		1D6058900D05DD3D006BFB54 /* NewAgeAlpha */ = {
			isa = PBXNativeTarget;
			buildConfigurationList = 1D6058960D05DD3E006BFB54 /* Build configuration list for PBXNativeTarget "NewAgeAlpha" */;
			buildPhases = (
				304B58A110DAC018002A0835 /* Copy www directory */,
				1D60588D0D05DD3D006BFB54 /* Resources */,
				1D60588E0D05DD3D006BFB54 /* Sources */,
				1D60588F0D05DD3D006BFB54 /* Frameworks */,
			);
			buildRules = (
			);
			dependencies = (
				301BF551109A68C00062928A /* PBXTargetDependency */,
			);
			name = "NewAgeAlpha";
			productName = "NewAgeAlpha";
			productReference = 1D6058910D05DD3D006BFB54 /* NewAgeAlpha.app */;
			productType = "com.apple.product-type.application";
		};
/* End PBXNativeTarget section */

/* Begin PBXProject section */
		29B97313FDCFA39411CA2CEA /* Project object */ = {
			isa = PBXProject;
			attributes = {
				LastUpgradeCheck = 510;
				TargetAttributes = {
					1D6058900D05DD3D006BFB54 = {
						ProvisioningStyle = Automatic;
					};
				};
			};
			buildConfigurationList = C01FCF4E08A954540054247B /* Build configuration list for PBXProject "NewAgeAlpha" */;
			compatibilityVersion = "Xcode 3.2";
			developmentRegion = English;
			hasScannedForEncodings = 1;
			mainGroup = 29B97314FDCFA39411CA2CEA /* CustomTemplate */;
			projectDirPath = "";
			projectReferences = (
				{
					ProductGroup = 301BF52E109A57CC0062928A /* Products */;
					ProjectRef = 301BF52D109A57CC0062928A /* CordovaLib.xcodeproj */;
				},
			);
			projectRoot = "";
			targets = (
				1D6058900D05DD3D006BFB54 /* NewAgeAlpha */,
			);
		};
/* End PBXProject section */

/* Begin PBXReferenceProxy section */
		301BF535109A57CC0062928A /* libCordova.a */ = {
			isa = PBXReferenceProxy;
			fileType = archive.ar;
			path = libCordova.a;
			remoteRef = 301BF534109A57CC0062928A /* PBXContainerItemProxy */;
			sourceTree = BUILT_PRODUCTS_DIR;
		};
		907D8124214C687600058A10 /* Cordova.framework */ = {
			isa = PBXReferenceProxy;
			fileType = wrapper.framework;
			path = Cordova.framework;
			remoteRef = 907D8123214C687600058A10 /* PBXContainerItemProxy */;
			sourceTree = BUILT_PRODUCTS_DIR;
		};
/* End PBXReferenceProxy section */

/* Begin PBXResourcesBuildPhase section */
		1D60588D0D05DD3D006BFB54 /* Resources */ = {
			isa = PBXResourcesBuildPhase;
			buildActionMask = 2147483647;
			files = (
				302D95F214D2391D003F00A1 /* MainViewController.xib in Resources */,
				0207DA581B56EA530066E2B4 /* Images.xcassets in Resources */,
				6AFF5BF91D6E424B00AB3073 /* CDVLaunchScreen.storyboard in Resources */,
			);
			runOnlyForDeploymentPostprocessing = 0;
		};
/* End PBXResourcesBuildPhase section */

/* Begin PBXShellScriptBuildPhase section */
		304B58A110DAC018002A0835 /* Copy www directory */ = {
			isa = PBXShellScriptBuildPhase;
			buildActionMask = 2147483647;
			files = (
			);
			inputPaths = (
			);
			name = "Copy www directory";
			outputPaths = (
			);
			runOnlyForDeploymentPostprocessing = 0;
			shellPath = /bin/sh;
			shellScript = "\"$SRCROOT/NewAgeAlpha/Scripts/copy-www-build-step.sh\"";
			showEnvVarsInLog = 0;
		};
/* End PBXShellScriptBuildPhase section */

/* Begin PBXSourcesBuildPhase section */
		1D60588E0D05DD3D006BFB54 /* Sources */ = {
			isa = PBXSourcesBuildPhase;
			buildActionMask = 2147483647;
			files = (
				1D60589B0D05DD56006BFB54 /* main.m in Sources */,
				1D3623260D0F684500981E51 /* AppDelegate.m in Sources */,
				302D95F114D2391D003F00A1 /* MainViewController.m in Sources */,
				F06C9CDEF52F411185BD56FF /* CDVStatusBar.m in Sources */,
				F4382BBCDF7F45C59C768A50 /* CDVDevice.m in Sources */,
				B6ED8555956F4406B2AADC6B /* CDVSplashScreen.m in Sources */,
				B99B1BCADC324ED19EE9556F /* CDVViewController+SplashScreen.m in Sources */,
				BB008FBE4EA14650B1C20201 /* CDVIonicKeyboard.m in Sources */,
				E9831E82E518438CA1943C68 /* CDVInAppBrowserOptions.m in Sources */,
				02B0756A473D462BB8EA73AB /* CDVInAppBrowserNavigationController.m in Sources */,
				95C071A306B4400A81B4ACED /* CDVWKInAppBrowser.m in Sources */,
				667C8A61CF2E496EA8B86DF3 /* CDVWKInAppBrowserUIDelegate.m in Sources */,
				A6E3B01943134569AB7F8871 /* CDVFile.m in Sources */,
				A772165512BE4FA3BBAD8590 /* CDVLocalFilesystem.m in Sources */,
				2B27B85FF1A740289CFB71C6 /* CDVAssetLibraryFilesystem.m in Sources */,
				87886D43C3604364A5C54C24 /* CordovaHttpPlugin.m in Sources */,
				6384BF68021343ECA524E242 /* BinaryRequestSerializer.m in Sources */,
				F958A56C2E61443FAEE9779D /* BinaryResponseSerializer.m in Sources */,
				F5D2F9C8081E4954AAB45748 /* TextResponseSerializer.m in Sources */,
				8D5CF9A509C741A4848BA75E /* TextRequestSerializer.m in Sources */,
				4D26A576DD134776B9C3215A /* AFHTTPSessionManager.m in Sources */,
				C0D3356599A44F97B4B40571 /* AFNetworkReachabilityManager.m in Sources */,
				3381996C49B84B349A52B20F /* AFSecurityPolicy.m in Sources */,
				11F5ED5E86434EFD91BDE76F /* AFURLRequestSerialization.m in Sources */,
				AA30B3E5D18749008D6393B2 /* AFURLResponseSerialization.m in Sources */,
				516605CDB3224BBE81C948B9 /* AFURLSessionManager.m in Sources */,
				EEDE662074B44F7DA91A7F10 /* SDNetworkActivityIndicator.m in Sources */,
				B7D9D09D403F46C0A3818708 /* SQLitePlugin.m in Sources */,
				8637A0AB8CD94E8A80459DCB /* CustomPSPDFThreadSafeMutableDictionary.m in Sources */,
				19C953835CC9440FB04DDD17 /* sqlite3.c in Resources */,
				B3562C3F59A746BD836622B7 /* CDVOrientation.m in Sources */,
				63DFE7DFAF8E42A98DA1C8C4 /* CDVConnection.m in Sources */,
				FB11BE5FFAA94CD9A613AFE1 /* CDVReachability.m in Sources */,
				9E79646284A747FCB1DF9D42 /* CDVCompass.m in Sources */,
				0C107B961A214C2A93B498C5 /* Toast+UIView.m in Sources */,
				5988B815D05844ABBCA92CBC /* Toast.m in Sources */,
				D81A6AB163DD4BCC849563B3 /* PhotoViewer.m in Sources */,
				CC7B121F9327477FBEE313AB /* AppVersion.m in Sources */,
				989490B45D054BB0B85993BF /* CDVWKWebViewEngine.m in Sources */,
				8CD2E1FFC226474F94E2B80C /* CDVWKWebViewUIDelegate.m in Sources */,
				EA64118CC1A94031A6DC81A9 /* CDVWKProcessPoolFactory.m in Sources */,
				5D34C4166955421EB11ED6F9 /* IONAssetHandler.m in Sources */,
				5563CCAF6C1343B3B3F494E9 /* UserAgent.m in Sources */,
			);
			runOnlyForDeploymentPostprocessing = 0;
		};
/* End PBXSourcesBuildPhase section */

/* Begin PBXTargetDependency section */
		301BF551109A68C00062928A /* PBXTargetDependency */ = {
			isa = PBXTargetDependency;
			name = CordovaLib;
			targetProxy = 301BF550109A68C00062928A /* PBXContainerItemProxy */;
		};
/* End PBXTargetDependency section */

/* Begin XCBuildConfiguration section */
		1D6058940D05DD3E006BFB54 /* Debug */ = {
			isa = XCBuildConfiguration;
			baseConfigurationReference = 3047A50F1AB8059700498E2A /* build-debug.xcconfig */;
			buildSettings = {
				ALWAYS_SEARCH_USER_PATHS = NO;
				ASSETCATALOG_COMPILER_APPICON_NAME = AppIcon;
				ASSETCATALOG_COMPILER_LAUNCHIMAGE_NAME = LaunchImage;
				CLANG_ENABLE_MODULES = YES;
				CLANG_ENABLE_OBJC_ARC = YES;
				COPY_PHASE_STRIP = NO;
				GCC_DYNAMIC_NO_PIC = NO;
				GCC_OPTIMIZATION_LEVEL = 0;
				GCC_PRECOMPILE_PREFIX_HEADER = YES;
				GCC_PREFIX_HEADER = "NewAgeAlpha/NewAgeAlpha-Prefix.pch";
				GCC_THUMB_SUPPORT = NO;
				GCC_VERSION = "";
				INFOPLIST_FILE = "NewAgeAlpha/NewAgeAlpha-Info.plist";
				IPHONEOS_DEPLOYMENT_TARGET = 11.0;
				LD_RUNPATH_SEARCH_PATHS = "@executable_path/Frameworks";
				PRODUCT_BUNDLE_IDENTIFIER = com.app.newagealpha;
				PRODUCT_NAME = "$(TARGET_NAME)";
				TARGETED_DEVICE_FAMILY = "1,2";
				WK_WEB_VIEW_ONLY = 1;
			};
			name = Debug;
		};
		1D6058950D05DD3E006BFB54 /* Release */ = {
			isa = XCBuildConfiguration;
			baseConfigurationReference = 3047A5101AB8059700498E2A /* build-release.xcconfig */;
			buildSettings = {
				ALWAYS_SEARCH_USER_PATHS = NO;
				ASSETCATALOG_COMPILER_APPICON_NAME = AppIcon;
				ASSETCATALOG_COMPILER_LAUNCHIMAGE_NAME = LaunchImage;
				CLANG_ENABLE_MODULES = YES;
				CLANG_ENABLE_OBJC_ARC = YES;
				COPY_PHASE_STRIP = YES;
				GCC_PRECOMPILE_PREFIX_HEADER = YES;
				GCC_PREFIX_HEADER = "NewAgeAlpha/NewAgeAlpha-Prefix.pch";
				GCC_THUMB_SUPPORT = NO;
				GCC_VERSION = "";
				INFOPLIST_FILE = "NewAgeAlpha/NewAgeAlpha-Info.plist";
				IPHONEOS_DEPLOYMENT_TARGET = 11.0;
				LD_RUNPATH_SEARCH_PATHS = "@executable_path/Frameworks";
				PRODUCT_BUNDLE_IDENTIFIER = com.app.newagealpha;
				PRODUCT_NAME = "$(TARGET_NAME)";
				TARGETED_DEVICE_FAMILY = "1,2";
				WK_WEB_VIEW_ONLY = 1;
			};
			name = Release;
		};
		C01FCF4F08A954540054247B /* Debug */ = {
			isa = XCBuildConfiguration;
			baseConfigurationReference = 3047A5111AB8059700498E2A /* build.xcconfig */;
			buildSettings = {
				CLANG_ENABLE_MODULES = YES;
				CLANG_ENABLE_OBJC_ARC = YES;
				CLANG_WARN_BLOCK_CAPTURE_AUTORELEASING = YES;
				CLANG_WARN_BOOL_CONVERSION = YES;
				CLANG_WARN_COMMA = YES;
				CLANG_WARN_CONSTANT_CONVERSION = YES;
				CLANG_WARN_DEPRECATED_OBJC_IMPLEMENTATIONS = YES;
				CLANG_WARN_EMPTY_BODY = YES;
				CLANG_WARN_ENUM_CONVERSION = YES;
				CLANG_WARN_INFINITE_RECURSION = YES;
				CLANG_WARN_INT_CONVERSION = YES;
				CLANG_WARN_NON_LITERAL_NULL_CONVERSION = YES;
				CLANG_WARN_OBJC_IMPLICIT_RETAIN_SELF = YES;
				CLANG_WARN_OBJC_LITERAL_CONVERSION = YES;
				CLANG_WARN_RANGE_LOOP_ANALYSIS = YES;
				CLANG_WARN_STRICT_PROTOTYPES = YES;
				CLANG_WARN_SUSPICIOUS_MOVE = YES;
				CLANG_WARN_UNREACHABLE_CODE = YES;
				CLANG_WARN__DUPLICATE_METHOD_MATCH = YES;
				ENABLE_STRICT_OBJC_MSGSEND = YES;
				ENABLE_TESTABILITY = YES;
				GCC_C_LANGUAGE_STANDARD = c99;
				GCC_NO_COMMON_BLOCKS = YES;
				GCC_THUMB_SUPPORT = NO;
				GCC_VERSION = "";
				GCC_WARN_64_TO_32_BIT_CONVERSION = YES;
				GCC_WARN_ABOUT_RETURN_TYPE = YES;
				GCC_WARN_UNDECLARED_SELECTOR = YES;
				GCC_WARN_UNINITIALIZED_AUTOS = YES;
				GCC_WARN_UNUSED_FUNCTION = YES;
				GCC_WARN_UNUSED_VARIABLE = YES;
				ONLY_ACTIVE_ARCH = YES;
				SDKROOT = iphoneos;
				SKIP_INSTALL = NO;
				WK_WEB_VIEW_ONLY = 1;
				PRODUCT_BUNDLE_IDENTIFIER = com.app.newagealpha;
				IPHONEOS_DEPLOYMENT_TARGET = 11.0;
			};
			name = Debug;
		};
		C01FCF5008A954540054247B /* Release */ = {
			isa = XCBuildConfiguration;
			baseConfigurationReference = 3047A5111AB8059700498E2A /* build.xcconfig */;
			buildSettings = {
				CLANG_ENABLE_MODULES = YES;
				CLANG_ENABLE_OBJC_ARC = YES;
				CLANG_WARN_BLOCK_CAPTURE_AUTORELEASING = YES;
				CLANG_WARN_BOOL_CONVERSION = YES;
				CLANG_WARN_COMMA = YES;
				CLANG_WARN_CONSTANT_CONVERSION = YES;
				CLANG_WARN_DEPRECATED_OBJC_IMPLEMENTATIONS = YES;
				CLANG_WARN_EMPTY_BODY = YES;
				CLANG_WARN_ENUM_CONVERSION = YES;
				CLANG_WARN_INFINITE_RECURSION = YES;
				CLANG_WARN_INT_CONVERSION = YES;
				CLANG_WARN_NON_LITERAL_NULL_CONVERSION = YES;
				CLANG_WARN_OBJC_IMPLICIT_RETAIN_SELF = YES;
				CLANG_WARN_OBJC_LITERAL_CONVERSION = YES;
				CLANG_WARN_RANGE_LOOP_ANALYSIS = YES;
				CLANG_WARN_STRICT_PROTOTYPES = YES;
				CLANG_WARN_SUSPICIOUS_MOVE = YES;
				CLANG_WARN_UNREACHABLE_CODE = YES;
				CLANG_WARN__DUPLICATE_METHOD_MATCH = YES;
				ENABLE_STRICT_OBJC_MSGSEND = YES;
				GCC_C_LANGUAGE_STANDARD = c99;
				GCC_NO_COMMON_BLOCKS = YES;
				GCC_THUMB_SUPPORT = NO;
				GCC_VERSION = "";
				GCC_WARN_64_TO_32_BIT_CONVERSION = YES;
				GCC_WARN_ABOUT_RETURN_TYPE = YES;
				GCC_WARN_UNDECLARED_SELECTOR = YES;
				GCC_WARN_UNINITIALIZED_AUTOS = YES;
				GCC_WARN_UNUSED_FUNCTION = YES;
				GCC_WARN_UNUSED_VARIABLE = YES;
				SDKROOT = iphoneos;
				SKIP_INSTALL = NO;
				WK_WEB_VIEW_ONLY = 1;
				PRODUCT_BUNDLE_IDENTIFIER = com.app.newagealpha;
				IPHONEOS_DEPLOYMENT_TARGET = 11.0;
			};
			name = Release;
		};
/* End XCBuildConfiguration section */

/* Begin XCConfigurationList section */
		1D6058960D05DD3E006BFB54 /* Build configuration list for PBXNativeTarget "NewAgeAlpha" */ = {
			isa = XCConfigurationList;
			buildConfigurations = (
				1D6058940D05DD3E006BFB54 /* Debug */,
				1D6058950D05DD3E006BFB54 /* Release */,
			);
			defaultConfigurationIsVisible = 0;
			defaultConfigurationName = Release;
		};
		C01FCF4E08A954540054247B /* Build configuration list for PBXProject "NewAgeAlpha" */ = {
			isa = XCConfigurationList;
			buildConfigurations = (
				C01FCF4F08A954540054247B /* Debug */,
				C01FCF5008A954540054247B /* Release */,
			);
			defaultConfigurationIsVisible = 0;
			defaultConfigurationName = Release;
		};
/* End XCConfigurationList section */
	};
	rootObject = 29B97313FDCFA39411CA2CEA /* Project object */;
}
